// !$*UTF8*$!
{
	archiveVersion = 1;
	classes = {
	};
	objectVersion = 55;
	objects = {

/* Begin PBXBuildFile section */
		9F2FD8472728045D00CEC67B /* PostRepository.swift in Sources */ = {isa = PBXBuildFile; fileRef = 9F2FD8462728045D00CEC67B /* PostRepository.swift */; };
		9F9BD0402727080F002862EF /* SZCollectionViewCell.swift in Sources */ = {isa = PBXBuildFile; fileRef = 9F9BD03F2727080F002862EF /* SZCollectionViewCell.swift */; };
		9F9BD045272709C0002862EF /* GaleriImageCell.swift in Sources */ = {isa = PBXBuildFile; fileRef = 9F9BD043272709C0002862EF /* GaleriImageCell.swift */; };
		9F9BD046272709C0002862EF /* GaleriImageCell.xib in Resources */ = {isa = PBXBuildFile; fileRef = 9F9BD044272709C0002862EF /* GaleriImageCell.xib */; };
		9F9BD04D272727C6002862EF /* UserViewData.swift in Sources */ = {isa = PBXBuildFile; fileRef = 9F9BD04C272727C6002862EF /* UserViewData.swift */; };
		9F9BD04F272727D2002862EF /* UserViewModel.swift in Sources */ = {isa = PBXBuildFile; fileRef = 9F9BD04E272727D2002862EF /* UserViewModel.swift */; };
		9F9BD052272727F1002862EF /* UserVC.swift in Sources */ = {isa = PBXBuildFile; fileRef = 9F9BD050272727F1002862EF /* UserVC.swift */; };
		9F9BD053272727F1002862EF /* UserVC.xib in Resources */ = {isa = PBXBuildFile; fileRef = 9F9BD051272727F1002862EF /* UserVC.xib */; };
		9F9BD055272777E0002862EF /* UtilTest.swift in Sources */ = {isa = PBXBuildFile; fileRef = 9F9BD054272777E0002862EF /* UtilTest.swift */; };
		9F9BD05827277C7F002862EF /* UserCell.swift in Sources */ = {isa = PBXBuildFile; fileRef = 9F9BD05627277C7E002862EF /* UserCell.swift */; };
		9F9BD05927277C7F002862EF /* UserCell.xib in Resources */ = {isa = PBXBuildFile; fileRef = 9F9BD05727277C7F002862EF /* UserCell.xib */; };
		9F9BD05D2727894D002862EF /* BackendRestClient.swift in Sources */ = {isa = PBXBuildFile; fileRef = 9F9BD05C2727894D002862EF /* BackendRestClient.swift */; };
		9F9BD05F272789F9002862EF /* SZModel.swift in Sources */ = {isa = PBXBuildFile; fileRef = 9F9BD05E272789F8002862EF /* SZModel.swift */; };
		9F9BD06127278FB4002862EF /* HttpClientProduction.swift in Sources */ = {isa = PBXBuildFile; fileRef = 9F9BD06027278FB4002862EF /* HttpClientProduction.swift */; };
		9F9BD06327279013002862EF /* HttpMethod.swift in Sources */ = {isa = PBXBuildFile; fileRef = 9F9BD06227279013002862EF /* HttpMethod.swift */; };
		9F9BD06527279049002862EF /* ApiResponse.swift in Sources */ = {isa = PBXBuildFile; fileRef = 9F9BD06427279048002862EF /* ApiResponse.swift */; };
		9F9BD067272793CE002862EF /* ApiRequest.swift in Sources */ = {isa = PBXBuildFile; fileRef = 9F9BD066272793CE002862EF /* ApiRequest.swift */; };
		9F9BD069272794D5002862EF /* ApiError.swift in Sources */ = {isa = PBXBuildFile; fileRef = 9F9BD068272794D5002862EF /* ApiError.swift */; };
		9F9BD06B2727954E002862EF /* Data+Extension.swift in Sources */ = {isa = PBXBuildFile; fileRef = 9F9BD06A2727954E002862EF /* Data+Extension.swift */; };
		9F9BD06D2727957F002862EF /* Json.swift in Sources */ = {isa = PBXBuildFile; fileRef = 9F9BD06C2727957F002862EF /* Json.swift */; };
		9FC0F6BC2723ED4800231AC3 /* AppDelegate.swift in Sources */ = {isa = PBXBuildFile; fileRef = 9FC0F6BB2723ED4800231AC3 /* AppDelegate.swift */; };
		9FC0F6C02723ED4800231AC3 /* ViewController.swift in Sources */ = {isa = PBXBuildFile; fileRef = 9FC0F6BF2723ED4800231AC3 /* ViewController.swift */; };
		9FC0F6C62723ED4800231AC3 /* KumparanUser.xcdatamodeld in Sources */ = {isa = PBXBuildFile; fileRef = 9FC0F6C42723ED4800231AC3 /* KumparanUser.xcdatamodeld */; };
		9FC0F6C82723ED4C00231AC3 /* Assets.xcassets in Resources */ = {isa = PBXBuildFile; fileRef = 9FC0F6C72723ED4C00231AC3 /* Assets.xcassets */; };
		9FC0F6CB2723ED4C00231AC3 /* LaunchScreen.storyboard in Resources */ = {isa = PBXBuildFile; fileRef = 9FC0F6C92723ED4C00231AC3 /* LaunchScreen.storyboard */; };
		9FC0F6D62723ED4C00231AC3 /* KumparanUserTests.swift in Sources */ = {isa = PBXBuildFile; fileRef = 9FC0F6D52723ED4C00231AC3 /* KumparanUserTests.swift */; };
		9FC0F6E02723ED4C00231AC3 /* KumparanUserUITests.swift in Sources */ = {isa = PBXBuildFile; fileRef = 9FC0F6DF2723ED4C00231AC3 /* KumparanUserUITests.swift */; };
		9FC0F6E22723ED4C00231AC3 /* KumparanUserUITestsLaunchTests.swift in Sources */ = {isa = PBXBuildFile; fileRef = 9FC0F6E12723ED4C00231AC3 /* KumparanUserUITestsLaunchTests.swift */; };
		9FC0F6F42723F84500231AC3 /* SZCoordinator.swift in Sources */ = {isa = PBXBuildFile; fileRef = 9FC0F6F32723F84500231AC3 /* SZCoordinator.swift */; };
		9FC0F6F62723F85900231AC3 /* SZViewController.swift in Sources */ = {isa = PBXBuildFile; fileRef = 9FC0F6F52723F85900231AC3 /* SZViewController.swift */; };
		9FC0F6F82723F86E00231AC3 /* SZViewModel.swift in Sources */ = {isa = PBXBuildFile; fileRef = 9FC0F6F72723F86E00231AC3 /* SZViewModel.swift */; };
		9FC0F6FC2723FC5A00231AC3 /* CoordiantorResult.swift in Sources */ = {isa = PBXBuildFile; fileRef = 9FC0F6FB2723FC5A00231AC3 /* CoordiantorResult.swift */; };
		9FF2426527243C39005A6093 /* ListPostVC.swift in Sources */ = {isa = PBXBuildFile; fileRef = 9FF2426327243C39005A6093 /* ListPostVC.swift */; };
		9FF2426627243C39005A6093 /* ListPostVC.xib in Resources */ = {isa = PBXBuildFile; fileRef = 9FF2426427243C39005A6093 /* ListPostVC.xib */; };
		9FF2426927243C68005A6093 /* ListPostViewModel.swift in Sources */ = {isa = PBXBuildFile; fileRef = 9FF2426827243C68005A6093 /* ListPostViewModel.swift */; };
		9FF2426B27243D00005A6093 /* ListPostViewData.swift in Sources */ = {isa = PBXBuildFile; fileRef = 9FF2426A27243D00005A6093 /* ListPostViewData.swift */; };
		9FF2426D27244E18005A6093 /* AppCoordinator.swift in Sources */ = {isa = PBXBuildFile; fileRef = 9FF2426C27244E18005A6093 /* AppCoordinator.swift */; };
		9FF2427027244F3D005A6093 /* SessionService.swift in Sources */ = {isa = PBXBuildFile; fileRef = 9FF2426F27244F3D005A6093 /* SessionService.swift */; };
		9FF24273272451C3005A6093 /* ViewControllerUtils.swift in Sources */ = {isa = PBXBuildFile; fileRef = 9FF24272272451C3005A6093 /* ViewControllerUtils.swift */; };
		9FF24276272452BA005A6093 /* Containter+Extension.swift in Sources */ = {isa = PBXBuildFile; fileRef = 9FF24275272452BA005A6093 /* Containter+Extension.swift */; };
		9FF2427E27251AFB005A6093 /* TabCoordinator.swift in Sources */ = {isa = PBXBuildFile; fileRef = 9FF2427D27251AFB005A6093 /* TabCoordinator.swift */; };
		9FF2428227251BAA005A6093 /* TabBarVC.swift in Sources */ = {isa = PBXBuildFile; fileRef = 9FF2428027251BAA005A6093 /* TabBarVC.swift */; };
		9FF2428327251BAA005A6093 /* TabBarVC.xib in Resources */ = {isa = PBXBuildFile; fileRef = 9FF2428127251BAA005A6093 /* TabBarVC.xib */; };
		9FF2428627251C13005A6093 /* TabViewModel.swift in Sources */ = {isa = PBXBuildFile; fileRef = 9FF2428527251C13005A6093 /* TabViewModel.swift */; };
		9FF24289272539A8005A6093 /* TabViewController+Reactive.swift in Sources */ = {isa = PBXBuildFile; fileRef = 9FF24288272539A8005A6093 /* TabViewController+Reactive.swift */; };
		9FF2428F27253BFB005A6093 /* DetailPostCoordinator.swift in Sources */ = {isa = PBXBuildFile; fileRef = 9FF2428E27253BFB005A6093 /* DetailPostCoordinator.swift */; };
		9FF2429127253C5D005A6093 /* DetailPostViewModel.swift in Sources */ = {isa = PBXBuildFile; fileRef = 9FF2429027253C5D005A6093 /* DetailPostViewModel.swift */; };
		9FF2429427254395005A6093 /* DetailPostVC.swift in Sources */ = {isa = PBXBuildFile; fileRef = 9FF2429227254395005A6093 /* DetailPostVC.swift */; };
		9FF2429527254395005A6093 /* DetailPostVC.xib in Resources */ = {isa = PBXBuildFile; fileRef = 9FF2429327254395005A6093 /* DetailPostVC.xib */; };
		9FF24299272550A9005A6093 /* SZTableView.swift in Sources */ = {isa = PBXBuildFile; fileRef = 9FF24298272550A9005A6093 /* SZTableView.swift */; };
		9FF2429C27255332005A6093 /* SZSectionSection.swift in Sources */ = {isa = PBXBuildFile; fileRef = 9FF2429B27255332005A6093 /* SZSectionSection.swift */; };
		9FF2429E27255BF8005A6093 /* SZTableViewCell.swift in Sources */ = {isa = PBXBuildFile; fileRef = 9FF2429D27255BF8005A6093 /* SZTableViewCell.swift */; };
		9FF242A127255C99005A6093 /* ListPostCell.swift in Sources */ = {isa = PBXBuildFile; fileRef = 9FF2429F27255C99005A6093 /* ListPostCell.swift */; };
		9FF242A227255C99005A6093 /* ListPostCell.xib in Resources */ = {isa = PBXBuildFile; fileRef = 9FF242A027255C99005A6093 /* ListPostCell.xib */; };
		9FF242A427255F75005A6093 /* TableView+Extension.swift in Sources */ = {isa = PBXBuildFile; fileRef = 9FF242A327255F75005A6093 /* TableView+Extension.swift */; };
		9FF242AA272577BC005A6093 /* GalerPostViewData.swift in Sources */ = {isa = PBXBuildFile; fileRef = 9FF242A9272577BC005A6093 /* GalerPostViewData.swift */; };
		9FF242AC27257857005A6093 /* GaleriPostViewModel.swift in Sources */ = {isa = PBXBuildFile; fileRef = 9FF242AB27257857005A6093 /* GaleriPostViewModel.swift */; };
		9FF242AF272578F5005A6093 /* GaleriPostVC.swift in Sources */ = {isa = PBXBuildFile; fileRef = 9FF242AD272578F5005A6093 /* GaleriPostVC.swift */; };
		9FF242B0272578F5005A6093 /* GaleriPostVC.xib in Resources */ = {isa = PBXBuildFile; fileRef = 9FF242AE272578F5005A6093 /* GaleriPostVC.xib */; };
		9FF242B427257BBA005A6093 /* SZCollectionView.swift in Sources */ = {isa = PBXBuildFile; fileRef = 9FF242B327257BBA005A6093 /* SZCollectionView.swift */; };
		9FF242B62725EFA6005A6093 /* UIView+Extension.swift in Sources */ = {isa = PBXBuildFile; fileRef = 9FF242B52725EFA6005A6093 /* UIView+Extension.swift */; };
		9FF242B82725F36B005A6093 /* UICollectionView+Extension.swift in Sources */ = {isa = PBXBuildFile; fileRef = 9FF242B72725F36B005A6093 /* UICollectionView+Extension.swift */; };
		9FF242BA2725F78F005A6093 /* SizeUtils.swift in Sources */ = {isa = PBXBuildFile; fileRef = 9FF242B92725F78F005A6093 /* SizeUtils.swift */; };
		9FF242BC2725F97E005A6093 /* SZCollectionViewSection.swift in Sources */ = {isa = PBXBuildFile; fileRef = 9FF242BB2725F97E005A6093 /* SZCollectionViewSection.swift */; };
		9FFAA5CA2728546C00A1B3E8 /* PostModel.swift in Sources */ = {isa = PBXBuildFile; fileRef = 9FFAA5C92728546C00A1B3E8 /* PostModel.swift */; };
		9FFAA5CC2728671A00A1B3E8 /* String+Extension.swift in Sources */ = {isa = PBXBuildFile; fileRef = 9FFAA5CB2728671900A1B3E8 /* String+Extension.swift */; };
		9FFAA5CE27286D4C00A1B3E8 /* UserModel.swift in Sources */ = {isa = PBXBuildFile; fileRef = 9FFAA5CD27286D4C00A1B3E8 /* UserModel.swift */; };
		9FFAA5D027286F4C00A1B3E8 /* DataManager.swift in Sources */ = {isa = PBXBuildFile; fileRef = 9FFAA5CF27286F4C00A1B3E8 /* DataManager.swift */; };
		9FFAA5D427286FBA00A1B3E8 /* UserDataManager.swift in Sources */ = {isa = PBXBuildFile; fileRef = 9FFAA5D327286FBA00A1B3E8 /* UserDataManager.swift */; };
		9FFAA5D62728701500A1B3E8 /* Encodable+Extension.swift in Sources */ = {isa = PBXBuildFile; fileRef = 9FFAA5D52728701500A1B3E8 /* Encodable+Extension.swift */; };
		9FFAA5D82728705300A1B3E8 /* Logger.swift in Sources */ = {isa = PBXBuildFile; fileRef = 9FFAA5D72728705300A1B3E8 /* Logger.swift */; };
		9FFAA5DA2728714200A1B3E8 /* SettingKey.swift in Sources */ = {isa = PBXBuildFile; fileRef = 9FFAA5D92728714200A1B3E8 /* SettingKey.swift */; };
		9FFAA5E12728771900A1B3E8 /* LaunchViewModel.swift in Sources */ = {isa = PBXBuildFile; fileRef = 9FFAA5E02728771900A1B3E8 /* LaunchViewModel.swift */; };
		9FFAA5E62728774300A1B3E8 /* LaunchVC.swift in Sources */ = {isa = PBXBuildFile; fileRef = 9FFAA5E42728774300A1B3E8 /* LaunchVC.swift */; };
		9FFAA5E72728774300A1B3E8 /* LaunchVC.xib in Resources */ = {isa = PBXBuildFile; fileRef = 9FFAA5E52728774300A1B3E8 /* LaunchVC.xib */; };
		9FFAA5E9272877BF00A1B3E8 /* LaunchCoordinator.swift in Sources */ = {isa = PBXBuildFile; fileRef = 9FFAA5E8272877BF00A1B3E8 /* LaunchCoordinator.swift */; };
		9FFAA5EB27287B4400A1B3E8 /* Reactive+Extension.swift in Sources */ = {isa = PBXBuildFile; fileRef = 9FFAA5EA27287B4400A1B3E8 /* Reactive+Extension.swift */; };
		9FFAA5EE2728856100A1B3E8 /* AlbumCell.swift in Sources */ = {isa = PBXBuildFile; fileRef = 9FFAA5EC2728856100A1B3E8 /* AlbumCell.swift */; };
		9FFAA5EF2728856100A1B3E8 /* AlbumCell.xib in Resources */ = {isa = PBXBuildFile; fileRef = 9FFAA5ED2728856100A1B3E8 /* AlbumCell.xib */; };
		9FFAA5F1272888DD00A1B3E8 /* AlbumViewModel.swift in Sources */ = {isa = PBXBuildFile; fileRef = 9FFAA5F0272888DD00A1B3E8 /* AlbumViewModel.swift */; };
		9FFAA5F3272889EA00A1B3E8 /* AlbumModel.swift in Sources */ = {isa = PBXBuildFile; fileRef = 9FFAA5F2272889EA00A1B3E8 /* AlbumModel.swift */; };
		9FFAA5F527288C3900A1B3E8 /* AlbumViewData.swift in Sources */ = {isa = PBXBuildFile; fileRef = 9FFAA5F427288C3900A1B3E8 /* AlbumViewData.swift */; };
		9FFAA5F827288DF500A1B3E8 /* ImageCell.swift in Sources */ = {isa = PBXBuildFile; fileRef = 9FFAA5F627288DF500A1B3E8 /* ImageCell.swift */; };
		9FFAA5F927288DF500A1B3E8 /* ImageCell.xib in Resources */ = {isa = PBXBuildFile; fileRef = 9FFAA5F727288DF500A1B3E8 /* ImageCell.xib */; };
		9FFAA5FB27289F1600A1B3E8 /* ImageViewModel.swift in Sources */ = {isa = PBXBuildFile; fileRef = 9FFAA5FA27289F1600A1B3E8 /* ImageViewModel.swift */; };
		9FFAA5FD27289FDB00A1B3E8 /* PhotoModel.swift in Sources */ = {isa = PBXBuildFile; fileRef = 9FFAA5FC27289FDB00A1B3E8 /* PhotoModel.swift */; };
		9FFAA5FF2728B25B00A1B3E8 /* CommentModel.swift in Sources */ = {isa = PBXBuildFile; fileRef = 9FFAA5FE2728B25B00A1B3E8 /* CommentModel.swift */; };
		9FFAA6022728B4D200A1B3E8 /* CommentCell.swift in Sources */ = {isa = PBXBuildFile; fileRef = 9FFAA6002728B4D200A1B3E8 /* CommentCell.swift */; };
		9FFAA6032728B4D200A1B3E8 /* CommentCell.xib in Resources */ = {isa = PBXBuildFile; fileRef = 9FFAA6012728B4D200A1B3E8 /* CommentCell.xib */; };
		9FFAA60B2728B99100A1B3E8 /* DetailUserVC.swift in Sources */ = {isa = PBXBuildFile; fileRef = 9FFAA6092728B99100A1B3E8 /* DetailUserVC.swift */; };
		9FFAA60C2728B99100A1B3E8 /* DetailUserVC.xib in Resources */ = {isa = PBXBuildFile; fileRef = 9FFAA60A2728B99100A1B3E8 /* DetailUserVC.xib */; };
		9FFAA60E2728B9A800A1B3E8 /* DetailUserViewModel.swift in Sources */ = {isa = PBXBuildFile; fileRef = 9FFAA60D2728B9A800A1B3E8 /* DetailUserViewModel.swift */; };
		9FFAA6102728B9B400A1B3E8 /* DetailUserViewData.swift in Sources */ = {isa = PBXBuildFile; fileRef = 9FFAA60F2728B9B400A1B3E8 /* DetailUserViewData.swift */; };
		9FFAA6122728B9C100A1B3E8 /* DetailUserCoordinator.swift in Sources */ = {isa = PBXBuildFile; fileRef = 9FFAA6112728B9C100A1B3E8 /* DetailUserCoordinator.swift */; };
		9FFAA61A2728C23500A1B3E8 /* ImageViewVC.swift in Sources */ = {isa = PBXBuildFile; fileRef = 9FFAA6182728C23500A1B3E8 /* ImageViewVC.swift */; };
		9FFAA61B2728C23500A1B3E8 /* ImageViewVC.xib in Resources */ = {isa = PBXBuildFile; fileRef = 9FFAA6192728C23500A1B3E8 /* ImageViewVC.xib */; };
		9FFAA61D2728C24600A1B3E8 /* ImageViewViewModel.swift in Sources */ = {isa = PBXBuildFile; fileRef = 9FFAA61C2728C24500A1B3E8 /* ImageViewViewModel.swift */; };
		9FFAA61F2728C27E00A1B3E8 /* ImageViewData.swift in Sources */ = {isa = PBXBuildFile; fileRef = 9FFAA61E2728C27E00A1B3E8 /* ImageViewData.swift */; };
		9FFAA6212728C2A300A1B3E8 /* ImageViewCoordinator.swift in Sources */ = {isa = PBXBuildFile; fileRef = 9FFAA6202728C2A300A1B3E8 /* ImageViewCoordinator.swift */; };
		B6F26D56C50FCC308F8104E7 /* Pods_KumparanUser.framework in Frameworks */ = {isa = PBXBuildFile; fileRef = BDC5C859AFA75C88D4357F87 /* Pods_KumparanUser.framework */; };
/* End PBXBuildFile section */

/* Begin PBXContainerItemProxy section */
		9FC0F6D22723ED4C00231AC3 /* PBXContainerItemProxy */ = {
			isa = PBXContainerItemProxy;
			containerPortal = 9FC0F6B02723ED4800231AC3 /* Project object */;
			proxyType = 1;
			remoteGlobalIDString = 9FC0F6B72723ED4800231AC3;
			remoteInfo = KumparanUser;
		};
		9FC0F6DC2723ED4C00231AC3 /* PBXContainerItemProxy */ = {
			isa = PBXContainerItemProxy;
			containerPortal = 9FC0F6B02723ED4800231AC3 /* Project object */;
			proxyType = 1;
			remoteGlobalIDString = 9FC0F6B72723ED4800231AC3;
			remoteInfo = KumparanUser;
		};
/* End PBXContainerItemProxy section */

/* Begin PBXFileReference section */
		3247C093C554FB68C38976B4 /* Pods-KumparanUser.debug.xcconfig */ = {isa = PBXFileReference; includeInIndex = 1; lastKnownFileType = text.xcconfig; name = "Pods-KumparanUser.debug.xcconfig"; path = "Target Support Files/Pods-KumparanUser/Pods-KumparanUser.debug.xcconfig"; sourceTree = "<group>"; };
		360CB6BDC6B252956F3C9AE5 /* Pods-KumparanUser.release.xcconfig */ = {isa = PBXFileReference; includeInIndex = 1; lastKnownFileType = text.xcconfig; name = "Pods-KumparanUser.release.xcconfig"; path = "Target Support Files/Pods-KumparanUser/Pods-KumparanUser.release.xcconfig"; sourceTree = "<group>"; };
		9F2FD8462728045D00CEC67B /* PostRepository.swift */ = {isa = PBXFileReference; lastKnownFileType = sourcecode.swift; path = PostRepository.swift; sourceTree = "<group>"; };
		9F9BD03F2727080F002862EF /* SZCollectionViewCell.swift */ = {isa = PBXFileReference; lastKnownFileType = sourcecode.swift; path = SZCollectionViewCell.swift; sourceTree = "<group>"; };
		9F9BD043272709C0002862EF /* GaleriImageCell.swift */ = {isa = PBXFileReference; lastKnownFileType = sourcecode.swift; path = GaleriImageCell.swift; sourceTree = "<group>"; };
		9F9BD044272709C0002862EF /* GaleriImageCell.xib */ = {isa = PBXFileReference; lastKnownFileType = file.xib; path = GaleriImageCell.xib; sourceTree = "<group>"; };
		9F9BD04C272727C6002862EF /* UserViewData.swift */ = {isa = PBXFileReference; lastKnownFileType = sourcecode.swift; path = UserViewData.swift; sourceTree = "<group>"; };
		9F9BD04E272727D2002862EF /* UserViewModel.swift */ = {isa = PBXFileReference; lastKnownFileType = sourcecode.swift; path = UserViewModel.swift; sourceTree = "<group>"; };
		9F9BD050272727F1002862EF /* UserVC.swift */ = {isa = PBXFileReference; lastKnownFileType = sourcecode.swift; path = UserVC.swift; sourceTree = "<group>"; };
		9F9BD051272727F1002862EF /* UserVC.xib */ = {isa = PBXFileReference; lastKnownFileType = file.xib; path = UserVC.xib; sourceTree = "<group>"; };
		9F9BD054272777E0002862EF /* UtilTest.swift */ = {isa = PBXFileReference; lastKnownFileType = sourcecode.swift; path = UtilTest.swift; sourceTree = "<group>"; };
		9F9BD05627277C7E002862EF /* UserCell.swift */ = {isa = PBXFileReference; lastKnownFileType = sourcecode.swift; path = UserCell.swift; sourceTree = "<group>"; };
		9F9BD05727277C7F002862EF /* UserCell.xib */ = {isa = PBXFileReference; lastKnownFileType = file.xib; path = UserCell.xib; sourceTree = "<group>"; };
		9F9BD05C2727894D002862EF /* BackendRestClient.swift */ = {isa = PBXFileReference; lastKnownFileType = sourcecode.swift; path = BackendRestClient.swift; sourceTree = "<group>"; };
		9F9BD05E272789F8002862EF /* SZModel.swift */ = {isa = PBXFileReference; lastKnownFileType = sourcecode.swift; path = SZModel.swift; sourceTree = "<group>"; };
		9F9BD06027278FB4002862EF /* HttpClientProduction.swift */ = {isa = PBXFileReference; lastKnownFileType = sourcecode.swift; path = HttpClientProduction.swift; sourceTree = "<group>"; };
		9F9BD06227279013002862EF /* HttpMethod.swift */ = {isa = PBXFileReference; lastKnownFileType = sourcecode.swift; path = HttpMethod.swift; sourceTree = "<group>"; };
		9F9BD06427279048002862EF /* ApiResponse.swift */ = {isa = PBXFileReference; lastKnownFileType = sourcecode.swift; path = ApiResponse.swift; sourceTree = "<group>"; };
		9F9BD066272793CE002862EF /* ApiRequest.swift */ = {isa = PBXFileReference; lastKnownFileType = sourcecode.swift; path = ApiRequest.swift; sourceTree = "<group>"; };
		9F9BD068272794D5002862EF /* ApiError.swift */ = {isa = PBXFileReference; lastKnownFileType = sourcecode.swift; path = ApiError.swift; sourceTree = "<group>"; };
		9F9BD06A2727954E002862EF /* Data+Extension.swift */ = {isa = PBXFileReference; lastKnownFileType = sourcecode.swift; path = "Data+Extension.swift"; sourceTree = "<group>"; };
		9F9BD06C2727957F002862EF /* Json.swift */ = {isa = PBXFileReference; lastKnownFileType = sourcecode.swift; path = Json.swift; sourceTree = "<group>"; };
		9FC0F6B82723ED4800231AC3 /* KumparanUser.app */ = {isa = PBXFileReference; explicitFileType = wrapper.application; includeInIndex = 0; path = KumparanUser.app; sourceTree = BUILT_PRODUCTS_DIR; };
		9FC0F6BB2723ED4800231AC3 /* AppDelegate.swift */ = {isa = PBXFileReference; lastKnownFileType = sourcecode.swift; path = AppDelegate.swift; sourceTree = "<group>"; };
		9FC0F6BF2723ED4800231AC3 /* ViewController.swift */ = {isa = PBXFileReference; lastKnownFileType = sourcecode.swift; path = ViewController.swift; sourceTree = "<group>"; };
		9FC0F6C52723ED4800231AC3 /* KumparanUser.xcdatamodel */ = {isa = PBXFileReference; lastKnownFileType = wrapper.xcdatamodel; path = KumparanUser.xcdatamodel; sourceTree = "<group>"; };
		9FC0F6C72723ED4C00231AC3 /* Assets.xcassets */ = {isa = PBXFileReference; lastKnownFileType = folder.assetcatalog; path = Assets.xcassets; sourceTree = "<group>"; };
		9FC0F6CA2723ED4C00231AC3 /* Base */ = {isa = PBXFileReference; lastKnownFileType = file.storyboard; name = Base; path = Base.lproj/LaunchScreen.storyboard; sourceTree = "<group>"; };
		9FC0F6CC2723ED4C00231AC3 /* Info.plist */ = {isa = PBXFileReference; lastKnownFileType = text.plist.xml; path = Info.plist; sourceTree = "<group>"; };
		9FC0F6D12723ED4C00231AC3 /* KumparanUserTests.xctest */ = {isa = PBXFileReference; explicitFileType = wrapper.cfbundle; includeInIndex = 0; path = KumparanUserTests.xctest; sourceTree = BUILT_PRODUCTS_DIR; };
		9FC0F6D52723ED4C00231AC3 /* KumparanUserTests.swift */ = {isa = PBXFileReference; lastKnownFileType = sourcecode.swift; path = KumparanUserTests.swift; sourceTree = "<group>"; };
		9FC0F6DB2723ED4C00231AC3 /* KumparanUserUITests.xctest */ = {isa = PBXFileReference; explicitFileType = wrapper.cfbundle; includeInIndex = 0; path = KumparanUserUITests.xctest; sourceTree = BUILT_PRODUCTS_DIR; };
		9FC0F6DF2723ED4C00231AC3 /* KumparanUserUITests.swift */ = {isa = PBXFileReference; lastKnownFileType = sourcecode.swift; path = KumparanUserUITests.swift; sourceTree = "<group>"; };
		9FC0F6E12723ED4C00231AC3 /* KumparanUserUITestsLaunchTests.swift */ = {isa = PBXFileReference; lastKnownFileType = sourcecode.swift; path = KumparanUserUITestsLaunchTests.swift; sourceTree = "<group>"; };
		9FC0F6F32723F84500231AC3 /* SZCoordinator.swift */ = {isa = PBXFileReference; lastKnownFileType = sourcecode.swift; path = SZCoordinator.swift; sourceTree = "<group>"; };
		9FC0F6F52723F85900231AC3 /* SZViewController.swift */ = {isa = PBXFileReference; lastKnownFileType = sourcecode.swift; path = SZViewController.swift; sourceTree = "<group>"; };
		9FC0F6F72723F86E00231AC3 /* SZViewModel.swift */ = {isa = PBXFileReference; lastKnownFileType = sourcecode.swift; path = SZViewModel.swift; sourceTree = "<group>"; };
		9FC0F6FB2723FC5A00231AC3 /* CoordiantorResult.swift */ = {isa = PBXFileReference; lastKnownFileType = sourcecode.swift; path = CoordiantorResult.swift; sourceTree = "<group>"; };
		9FF2426327243C39005A6093 /* ListPostVC.swift */ = {isa = PBXFileReference; lastKnownFileType = sourcecode.swift; path = ListPostVC.swift; sourceTree = "<group>"; };
		9FF2426427243C39005A6093 /* ListPostVC.xib */ = {isa = PBXFileReference; lastKnownFileType = file.xib; path = ListPostVC.xib; sourceTree = "<group>"; };
		9FF2426827243C68005A6093 /* ListPostViewModel.swift */ = {isa = PBXFileReference; lastKnownFileType = sourcecode.swift; path = ListPostViewModel.swift; sourceTree = "<group>"; };
		9FF2426A27243D00005A6093 /* ListPostViewData.swift */ = {isa = PBXFileReference; lastKnownFileType = sourcecode.swift; path = ListPostViewData.swift; sourceTree = "<group>"; };
		9FF2426C27244E18005A6093 /* AppCoordinator.swift */ = {isa = PBXFileReference; lastKnownFileType = sourcecode.swift; path = AppCoordinator.swift; sourceTree = "<group>"; };
		9FF2426F27244F3D005A6093 /* SessionService.swift */ = {isa = PBXFileReference; lastKnownFileType = sourcecode.swift; path = SessionService.swift; sourceTree = "<group>"; };
		9FF24272272451C3005A6093 /* ViewControllerUtils.swift */ = {isa = PBXFileReference; lastKnownFileType = sourcecode.swift; path = ViewControllerUtils.swift; sourceTree = "<group>"; };
		9FF24275272452BA005A6093 /* Containter+Extension.swift */ = {isa = PBXFileReference; lastKnownFileType = sourcecode.swift; path = "Containter+Extension.swift"; sourceTree = "<group>"; };
		9FF2427D27251AFB005A6093 /* TabCoordinator.swift */ = {isa = PBXFileReference; lastKnownFileType = sourcecode.swift; path = TabCoordinator.swift; sourceTree = "<group>"; };
		9FF2428027251BAA005A6093 /* TabBarVC.swift */ = {isa = PBXFileReference; lastKnownFileType = sourcecode.swift; path = TabBarVC.swift; sourceTree = "<group>"; };
		9FF2428127251BAA005A6093 /* TabBarVC.xib */ = {isa = PBXFileReference; lastKnownFileType = file.xib; path = TabBarVC.xib; sourceTree = "<group>"; };
		9FF2428527251C13005A6093 /* TabViewModel.swift */ = {isa = PBXFileReference; lastKnownFileType = sourcecode.swift; path = TabViewModel.swift; sourceTree = "<group>"; };
		9FF24288272539A8005A6093 /* TabViewController+Reactive.swift */ = {isa = PBXFileReference; lastKnownFileType = sourcecode.swift; path = "TabViewController+Reactive.swift"; sourceTree = "<group>"; };
		9FF2428E27253BFB005A6093 /* DetailPostCoordinator.swift */ = {isa = PBXFileReference; lastKnownFileType = sourcecode.swift; path = DetailPostCoordinator.swift; sourceTree = "<group>"; };
		9FF2429027253C5D005A6093 /* DetailPostViewModel.swift */ = {isa = PBXFileReference; lastKnownFileType = sourcecode.swift; path = DetailPostViewModel.swift; sourceTree = "<group>"; };
		9FF2429227254395005A6093 /* DetailPostVC.swift */ = {isa = PBXFileReference; lastKnownFileType = sourcecode.swift; path = DetailPostVC.swift; sourceTree = "<group>"; };
		9FF2429327254395005A6093 /* DetailPostVC.xib */ = {isa = PBXFileReference; lastKnownFileType = file.xib; path = DetailPostVC.xib; sourceTree = "<group>"; };
		9FF24298272550A9005A6093 /* SZTableView.swift */ = {isa = PBXFileReference; lastKnownFileType = sourcecode.swift; path = SZTableView.swift; sourceTree = "<group>"; };
		9FF2429B27255332005A6093 /* SZSectionSection.swift */ = {isa = PBXFileReference; lastKnownFileType = sourcecode.swift; path = SZSectionSection.swift; sourceTree = "<group>"; };
		9FF2429D27255BF8005A6093 /* SZTableViewCell.swift */ = {isa = PBXFileReference; lastKnownFileType = sourcecode.swift; path = SZTableViewCell.swift; sourceTree = "<group>"; };
		9FF2429F27255C99005A6093 /* ListPostCell.swift */ = {isa = PBXFileReference; lastKnownFileType = sourcecode.swift; path = ListPostCell.swift; sourceTree = "<group>"; };
		9FF242A027255C99005A6093 /* ListPostCell.xib */ = {isa = PBXFileReference; lastKnownFileType = file.xib; path = ListPostCell.xib; sourceTree = "<group>"; };
		9FF242A327255F75005A6093 /* TableView+Extension.swift */ = {isa = PBXFileReference; lastKnownFileType = sourcecode.swift; path = "TableView+Extension.swift"; sourceTree = "<group>"; };
		9FF242A9272577BC005A6093 /* GalerPostViewData.swift */ = {isa = PBXFileReference; lastKnownFileType = sourcecode.swift; path = GalerPostViewData.swift; sourceTree = "<group>"; };
		9FF242AB27257857005A6093 /* GaleriPostViewModel.swift */ = {isa = PBXFileReference; lastKnownFileType = sourcecode.swift; path = GaleriPostViewModel.swift; sourceTree = "<group>"; };
		9FF242AD272578F5005A6093 /* GaleriPostVC.swift */ = {isa = PBXFileReference; lastKnownFileType = sourcecode.swift; path = GaleriPostVC.swift; sourceTree = "<group>"; };
		9FF242AE272578F5005A6093 /* GaleriPostVC.xib */ = {isa = PBXFileReference; lastKnownFileType = file.xib; path = GaleriPostVC.xib; sourceTree = "<group>"; };
		9FF242B327257BBA005A6093 /* SZCollectionView.swift */ = {isa = PBXFileReference; lastKnownFileType = sourcecode.swift; path = SZCollectionView.swift; sourceTree = "<group>"; };
		9FF242B52725EFA6005A6093 /* UIView+Extension.swift */ = {isa = PBXFileReference; lastKnownFileType = sourcecode.swift; path = "UIView+Extension.swift"; sourceTree = "<group>"; };
		9FF242B72725F36B005A6093 /* UICollectionView+Extension.swift */ = {isa = PBXFileReference; lastKnownFileType = sourcecode.swift; path = "UICollectionView+Extension.swift"; sourceTree = "<group>"; };
		9FF242B92725F78F005A6093 /* SizeUtils.swift */ = {isa = PBXFileReference; lastKnownFileType = sourcecode.swift; path = SizeUtils.swift; sourceTree = "<group>"; };
		9FF242BB2725F97E005A6093 /* SZCollectionViewSection.swift */ = {isa = PBXFileReference; lastKnownFileType = sourcecode.swift; path = SZCollectionViewSection.swift; sourceTree = "<group>"; };
		9FFAA5C92728546C00A1B3E8 /* PostModel.swift */ = {isa = PBXFileReference; lastKnownFileType = sourcecode.swift; path = PostModel.swift; sourceTree = "<group>"; };
		9FFAA5CB2728671900A1B3E8 /* String+Extension.swift */ = {isa = PBXFileReference; lastKnownFileType = sourcecode.swift; path = "String+Extension.swift"; sourceTree = "<group>"; };
		9FFAA5CD27286D4C00A1B3E8 /* UserModel.swift */ = {isa = PBXFileReference; lastKnownFileType = sourcecode.swift; path = UserModel.swift; sourceTree = "<group>"; };
		9FFAA5CF27286F4C00A1B3E8 /* DataManager.swift */ = {isa = PBXFileReference; lastKnownFileType = sourcecode.swift; path = DataManager.swift; sourceTree = "<group>"; };
		9FFAA5D327286FBA00A1B3E8 /* UserDataManager.swift */ = {isa = PBXFileReference; lastKnownFileType = sourcecode.swift; path = UserDataManager.swift; sourceTree = "<group>"; };
		9FFAA5D52728701500A1B3E8 /* Encodable+Extension.swift */ = {isa = PBXFileReference; lastKnownFileType = sourcecode.swift; path = "Encodable+Extension.swift"; sourceTree = "<group>"; };
		9FFAA5D72728705300A1B3E8 /* Logger.swift */ = {isa = PBXFileReference; lastKnownFileType = sourcecode.swift; path = Logger.swift; sourceTree = "<group>"; };
		9FFAA5D92728714200A1B3E8 /* SettingKey.swift */ = {isa = PBXFileReference; lastKnownFileType = sourcecode.swift; path = SettingKey.swift; sourceTree = "<group>"; };
		9FFAA5E02728771900A1B3E8 /* LaunchViewModel.swift */ = {isa = PBXFileReference; lastKnownFileType = sourcecode.swift; path = LaunchViewModel.swift; sourceTree = "<group>"; };
		9FFAA5E42728774300A1B3E8 /* LaunchVC.swift */ = {isa = PBXFileReference; lastKnownFileType = sourcecode.swift; path = LaunchVC.swift; sourceTree = "<group>"; };
		9FFAA5E52728774300A1B3E8 /* LaunchVC.xib */ = {isa = PBXFileReference; lastKnownFileType = file.xib; path = LaunchVC.xib; sourceTree = "<group>"; };
		9FFAA5E8272877BF00A1B3E8 /* LaunchCoordinator.swift */ = {isa = PBXFileReference; lastKnownFileType = sourcecode.swift; path = LaunchCoordinator.swift; sourceTree = "<group>"; };
		9FFAA5EA27287B4400A1B3E8 /* Reactive+Extension.swift */ = {isa = PBXFileReference; lastKnownFileType = sourcecode.swift; path = "Reactive+Extension.swift"; sourceTree = "<group>"; };
		9FFAA5EC2728856100A1B3E8 /* AlbumCell.swift */ = {isa = PBXFileReference; lastKnownFileType = sourcecode.swift; path = AlbumCell.swift; sourceTree = "<group>"; };
		9FFAA5ED2728856100A1B3E8 /* AlbumCell.xib */ = {isa = PBXFileReference; lastKnownFileType = file.xib; path = AlbumCell.xib; sourceTree = "<group>"; };
		9FFAA5F0272888DD00A1B3E8 /* AlbumViewModel.swift */ = {isa = PBXFileReference; lastKnownFileType = sourcecode.swift; path = AlbumViewModel.swift; sourceTree = "<group>"; };
		9FFAA5F2272889EA00A1B3E8 /* AlbumModel.swift */ = {isa = PBXFileReference; lastKnownFileType = sourcecode.swift; path = AlbumModel.swift; sourceTree = "<group>"; };
		9FFAA5F427288C3900A1B3E8 /* AlbumViewData.swift */ = {isa = PBXFileReference; lastKnownFileType = sourcecode.swift; path = AlbumViewData.swift; sourceTree = "<group>"; };
		9FFAA5F627288DF500A1B3E8 /* ImageCell.swift */ = {isa = PBXFileReference; lastKnownFileType = sourcecode.swift; path = ImageCell.swift; sourceTree = "<group>"; };
		9FFAA5F727288DF500A1B3E8 /* ImageCell.xib */ = {isa = PBXFileReference; lastKnownFileType = file.xib; path = ImageCell.xib; sourceTree = "<group>"; };
		9FFAA5FA27289F1600A1B3E8 /* ImageViewModel.swift */ = {isa = PBXFileReference; lastKnownFileType = sourcecode.swift; path = ImageViewModel.swift; sourceTree = "<group>"; };
		9FFAA5FC27289FDB00A1B3E8 /* PhotoModel.swift */ = {isa = PBXFileReference; lastKnownFileType = sourcecode.swift; path = PhotoModel.swift; sourceTree = "<group>"; };
		9FFAA5FE2728B25B00A1B3E8 /* CommentModel.swift */ = {isa = PBXFileReference; lastKnownFileType = sourcecode.swift; path = CommentModel.swift; sourceTree = "<group>"; };
		9FFAA6002728B4D200A1B3E8 /* CommentCell.swift */ = {isa = PBXFileReference; lastKnownFileType = sourcecode.swift; path = CommentCell.swift; sourceTree = "<group>"; };
		9FFAA6012728B4D200A1B3E8 /* CommentCell.xib */ = {isa = PBXFileReference; lastKnownFileType = file.xib; path = CommentCell.xib; sourceTree = "<group>"; };
		9FFAA6092728B99100A1B3E8 /* DetailUserVC.swift */ = {isa = PBXFileReference; lastKnownFileType = sourcecode.swift; path = DetailUserVC.swift; sourceTree = "<group>"; };
		9FFAA60A2728B99100A1B3E8 /* DetailUserVC.xib */ = {isa = PBXFileReference; lastKnownFileType = file.xib; path = DetailUserVC.xib; sourceTree = "<group>"; };
		9FFAA60D2728B9A800A1B3E8 /* DetailUserViewModel.swift */ = {isa = PBXFileReference; lastKnownFileType = sourcecode.swift; path = DetailUserViewModel.swift; sourceTree = "<group>"; };
		9FFAA60F2728B9B400A1B3E8 /* DetailUserViewData.swift */ = {isa = PBXFileReference; lastKnownFileType = sourcecode.swift; path = DetailUserViewData.swift; sourceTree = "<group>"; };
		9FFAA6112728B9C100A1B3E8 /* DetailUserCoordinator.swift */ = {isa = PBXFileReference; lastKnownFileType = sourcecode.swift; path = DetailUserCoordinator.swift; sourceTree = "<group>"; };
		9FFAA6182728C23500A1B3E8 /* ImageViewVC.swift */ = {isa = PBXFileReference; lastKnownFileType = sourcecode.swift; path = ImageViewVC.swift; sourceTree = "<group>"; };
		9FFAA6192728C23500A1B3E8 /* ImageViewVC.xib */ = {isa = PBXFileReference; lastKnownFileType = file.xib; path = ImageViewVC.xib; sourceTree = "<group>"; };
		9FFAA61C2728C24500A1B3E8 /* ImageViewViewModel.swift */ = {isa = PBXFileReference; lastKnownFileType = sourcecode.swift; path = ImageViewViewModel.swift; sourceTree = "<group>"; };
		9FFAA61E2728C27E00A1B3E8 /* ImageViewData.swift */ = {isa = PBXFileReference; lastKnownFileType = sourcecode.swift; path = ImageViewData.swift; sourceTree = "<group>"; };
		9FFAA6202728C2A300A1B3E8 /* ImageViewCoordinator.swift */ = {isa = PBXFileReference; lastKnownFileType = sourcecode.swift; path = ImageViewCoordinator.swift; sourceTree = "<group>"; };
		BDC5C859AFA75C88D4357F87 /* Pods_KumparanUser.framework */ = {isa = PBXFileReference; explicitFileType = wrapper.framework; includeInIndex = 0; path = Pods_KumparanUser.framework; sourceTree = BUILT_PRODUCTS_DIR; };
/* End PBXFileReference section */

/* Begin PBXFrameworksBuildPhase section */
		9FC0F6B52723ED4800231AC3 /* Frameworks */ = {
			isa = PBXFrameworksBuildPhase;
			buildActionMask = 2147483647;
			files = (
				B6F26D56C50FCC308F8104E7 /* Pods_KumparanUser.framework in Frameworks */,
			);
			runOnlyForDeploymentPostprocessing = 0;
		};
		9FC0F6CE2723ED4C00231AC3 /* Frameworks */ = {
			isa = PBXFrameworksBuildPhase;
			buildActionMask = 2147483647;
			files = (
			);
			runOnlyForDeploymentPostprocessing = 0;
		};
		9FC0F6D82723ED4C00231AC3 /* Frameworks */ = {
			isa = PBXFrameworksBuildPhase;
			buildActionMask = 2147483647;
			files = (
			);
			runOnlyForDeploymentPostprocessing = 0;
		};
/* End PBXFrameworksBuildPhase section */

/* Begin PBXGroup section */
		480185EE7A503B60CDBCFEE0 /* Pods */ = {
			isa = PBXGroup;
			children = (
				3247C093C554FB68C38976B4 /* Pods-KumparanUser.debug.xcconfig */,
				360CB6BDC6B252956F3C9AE5 /* Pods-KumparanUser.release.xcconfig */,
			);
			path = Pods;
			sourceTree = "<group>";
		};
		8893AA961182B2918C156EFB /* Frameworks */ = {
			isa = PBXGroup;
			children = (
				BDC5C859AFA75C88D4357F87 /* Pods_KumparanUser.framework */,
			);
			name = Frameworks;
			sourceTree = "<group>";
		};
		9F2FD8452728044200CEC67B /* Repository */ = {
			isa = PBXGroup;
			children = (
				9F2FD8462728045D00CEC67B /* PostRepository.swift */,
			);
			path = Repository;
			sourceTree = "<group>";
		};
		9F9BD03E272707DD002862EF /* Cell */ = {
			isa = PBXGroup;
			children = (
				9F9BD043272709C0002862EF /* GaleriImageCell.swift */,
				9F9BD044272709C0002862EF /* GaleriImageCell.xib */,
				9FFAA5EC2728856100A1B3E8 /* AlbumCell.swift */,
				9FFAA5ED2728856100A1B3E8 /* AlbumCell.xib */,
				9FFAA5F627288DF500A1B3E8 /* ImageCell.swift */,
				9FFAA5F727288DF500A1B3E8 /* ImageCell.xib */,
			);
			path = Cell;
			sourceTree = "<group>";
		};
		9F9BD04727272752002862EF /* User */ = {
			isa = PBXGroup;
			children = (
				9F9BD04B272727B7002862EF /* Model */,
				9F9BD04A272727A3002862EF /* ViewModel */,
				9F9BD0492727279C002862EF /* View */,
			);
			path = User;
			sourceTree = "<group>";
		};
		9F9BD0482727277E002862EF /* TabView */ = {
			isa = PBXGroup;
			children = (
				9FF2428427251BF8005A6093 /* ViewModel */,
				9FF2427F27251B69005A6093 /* View */,
				9FF2427C27251AE8005A6093 /* Coordinator */,
			);
			path = TabView;
			sourceTree = "<group>";
		};
		9F9BD0492727279C002862EF /* View */ = {
			isa = PBXGroup;
			children = (
				9F9BD05A27277C84002862EF /* Cell */,
				9F9BD050272727F1002862EF /* UserVC.swift */,
				9F9BD051272727F1002862EF /* UserVC.xib */,
			);
			path = View;
			sourceTree = "<group>";
		};
		9F9BD04A272727A3002862EF /* ViewModel */ = {
			isa = PBXGroup;
			children = (
				9F9BD04E272727D2002862EF /* UserViewModel.swift */,
			);
			path = ViewModel;
			sourceTree = "<group>";
		};
		9F9BD04B272727B7002862EF /* Model */ = {
			isa = PBXGroup;
			children = (
				9F9BD04C272727C6002862EF /* UserViewData.swift */,
			);
			path = Model;
			sourceTree = "<group>";
		};
		9F9BD05A27277C84002862EF /* Cell */ = {
			isa = PBXGroup;
			children = (
				9F9BD05627277C7E002862EF /* UserCell.swift */,
				9F9BD05727277C7F002862EF /* UserCell.xib */,
			);
			path = Cell;
			sourceTree = "<group>";
		};
		9F9BD05B272788CD002862EF /* Networking */ = {
			isa = PBXGroup;
			children = (
				9F9BD05C2727894D002862EF /* BackendRestClient.swift */,
				9F9BD06027278FB4002862EF /* HttpClientProduction.swift */,
				9F9BD066272793CE002862EF /* ApiRequest.swift */,
			);
			path = Networking;
			sourceTree = "<group>";
		};
		9FC0F6AF2723ED4800231AC3 = {
			isa = PBXGroup;
			children = (
				9FC0F6EE2723F13300231AC3 /* Core */,
				9FC0F6BA2723ED4800231AC3 /* KumparanUser */,
				9FC0F6D42723ED4C00231AC3 /* KumparanUserTests */,
				9FC0F6DE2723ED4C00231AC3 /* KumparanUserUITests */,
				9FC0F6B92723ED4800231AC3 /* Products */,
				480185EE7A503B60CDBCFEE0 /* Pods */,
				8893AA961182B2918C156EFB /* Frameworks */,
			);
			sourceTree = "<group>";
		};
		9FC0F6B92723ED4800231AC3 /* Products */ = {
			isa = PBXGroup;
			children = (
				9FC0F6B82723ED4800231AC3 /* KumparanUser.app */,
				9FC0F6D12723ED4C00231AC3 /* KumparanUserTests.xctest */,
				9FC0F6DB2723ED4C00231AC3 /* KumparanUserUITests.xctest */,
			);
			name = Products;
			sourceTree = "<group>";
		};
		9FC0F6BA2723ED4800231AC3 /* KumparanUser */ = {
			isa = PBXGroup;
			children = (
				9FFAA6132728C1BA00A1B3E8 /* ImageView */,
				9FFAA6042728B92800A1B3E8 /* DetailUser */,
				9FFAA5DB272876A200A1B3E8 /* Launch */,
				9FF2428A27253B4E005A6093 /* DetailPost */,
				9FF2427B27251AC2005A6093 /* Tab */,
				9FF2425927243AA3005A6093 /* App */,
				9FC0F6BF2723ED4800231AC3 /* ViewController.swift */,
				9FC0F6C72723ED4C00231AC3 /* Assets.xcassets */,
				9FC0F6C92723ED4C00231AC3 /* LaunchScreen.storyboard */,
				9FC0F6CC2723ED4C00231AC3 /* Info.plist */,
				9FC0F6C42723ED4800231AC3 /* KumparanUser.xcdatamodeld */,
			);
			path = KumparanUser;
			sourceTree = "<group>";
		};
		9FC0F6D42723ED4C00231AC3 /* KumparanUserTests */ = {
			isa = PBXGroup;
			children = (
				9F9BD054272777E0002862EF /* UtilTest.swift */,
				9FC0F6D52723ED4C00231AC3 /* KumparanUserTests.swift */,
			);
			path = KumparanUserTests;
			sourceTree = "<group>";
		};
		9FC0F6DE2723ED4C00231AC3 /* KumparanUserUITests */ = {
			isa = PBXGroup;
			children = (
				9FC0F6DF2723ED4C00231AC3 /* KumparanUserUITests.swift */,
				9FC0F6E12723ED4C00231AC3 /* KumparanUserUITestsLaunchTests.swift */,
			);
			path = KumparanUserUITests;
			sourceTree = "<group>";
		};
		9FC0F6EE2723F13300231AC3 /* Core */ = {
			isa = PBXGroup;
			children = (
				9FFAA5D227286FAA00A1B3E8 /* LocalData */,
				9FFAA5D127286F6E00A1B3E8 /* Protocol */,
				9FFAA5C82728546100A1B3E8 /* Model */,
				9F2FD8452728044200CEC67B /* Repository */,
				9F9BD05B272788CD002862EF /* Networking */,
				9FF2429627255020005A6093 /* Component */,
				9FF242742724525D005A6093 /* Extension */,
				9FF24271272451AF005A6093 /* Utils */,
				9FF2426E27244F20005A6093 /* Service */,
				9FC0F6EF2723F7C000231AC3 /* Base */,
			);
			path = Core;
			sourceTree = "<group>";
		};
		9FC0F6EF2723F7C000231AC3 /* Base */ = {
			isa = PBXGroup;
			children = (
				9FC0F6FA2723FC4700231AC3 /* Model */,
				9FC0F6F22723F7DA00231AC3 /* Coordinator */,
				9FC0F6F12723F7CE00231AC3 /* View */,
				9FC0F6F02723F7C700231AC3 /* ViewModel */,
			);
			path = Base;
			sourceTree = "<group>";
		};
		9FC0F6F02723F7C700231AC3 /* ViewModel */ = {
			isa = PBXGroup;
			children = (
				9FC0F6F72723F86E00231AC3 /* SZViewModel.swift */,
			);
			path = ViewModel;
			sourceTree = "<group>";
		};
		9FC0F6F12723F7CE00231AC3 /* View */ = {
			isa = PBXGroup;
			children = (
				9FC0F6F52723F85900231AC3 /* SZViewController.swift */,
				9FF2429D27255BF8005A6093 /* SZTableViewCell.swift */,
			);
			path = View;
			sourceTree = "<group>";
		};
		9FC0F6F22723F7DA00231AC3 /* Coordinator */ = {
			isa = PBXGroup;
			children = (
				9FC0F6F32723F84500231AC3 /* SZCoordinator.swift */,
			);
			path = Coordinator;
			sourceTree = "<group>";
		};
		9FC0F6FA2723FC4700231AC3 /* Model */ = {
			isa = PBXGroup;
			children = (
				9FC0F6FB2723FC5A00231AC3 /* CoordiantorResult.swift */,
				9FF2429B27255332005A6093 /* SZSectionSection.swift */,
				9FF242BB2725F97E005A6093 /* SZCollectionViewSection.swift */,
				9F9BD05E272789F8002862EF /* SZModel.swift */,
				9F9BD06227279013002862EF /* HttpMethod.swift */,
				9F9BD06427279048002862EF /* ApiResponse.swift */,
				9F9BD068272794D5002862EF /* ApiError.swift */,
			);
			path = Model;
			sourceTree = "<group>";
		};
		9FF2425927243AA3005A6093 /* App */ = {
			isa = PBXGroup;
			children = (
				9FC0F6BB2723ED4800231AC3 /* AppDelegate.swift */,
				9FF2426C27244E18005A6093 /* AppCoordinator.swift */,
			);
			path = App;
			sourceTree = "<group>";
		};
		9FF2425A27243AB5005A6093 /* ListPost */ = {
			isa = PBXGroup;
			children = (
				9FF2426727243C56005A6093 /* ViewModel */,
				9FF2425D27243B2A005A6093 /* Model */,
				9FF2425C27243B15005A6093 /* View */,
			);
			path = ListPost;
			sourceTree = "<group>";
		};
		9FF2425C27243B15005A6093 /* View */ = {
			isa = PBXGroup;
			children = (
				9FF2429A27255125005A6093 /* Cell */,
				9FF2426327243C39005A6093 /* ListPostVC.swift */,
				9FF2426427243C39005A6093 /* ListPostVC.xib */,
			);
			path = View;
			sourceTree = "<group>";
		};
		9FF2425D27243B2A005A6093 /* Model */ = {
			isa = PBXGroup;
			children = (
				9FF2426A27243D00005A6093 /* ListPostViewData.swift */,
			);
			path = Model;
			sourceTree = "<group>";
		};
		9FF2426727243C56005A6093 /* ViewModel */ = {
			isa = PBXGroup;
			children = (
				9FF2426827243C68005A6093 /* ListPostViewModel.swift */,
			);
			path = ViewModel;
			sourceTree = "<group>";
		};
		9FF2426E27244F20005A6093 /* Service */ = {
			isa = PBXGroup;
			children = (
				9FF2426F27244F3D005A6093 /* SessionService.swift */,
			);
			path = Service;
			sourceTree = "<group>";
		};
		9FF24271272451AF005A6093 /* Utils */ = {
			isa = PBXGroup;
			children = (
				9FF24272272451C3005A6093 /* ViewControllerUtils.swift */,
				9FF242B92725F78F005A6093 /* SizeUtils.swift */,
				9F9BD06C2727957F002862EF /* Json.swift */,
				9FFAA5D72728705300A1B3E8 /* Logger.swift */,
			);
			path = Utils;
			sourceTree = "<group>";
		};
		9FF242742724525D005A6093 /* Extension */ = {
			isa = PBXGroup;
			children = (
				9FF24275272452BA005A6093 /* Containter+Extension.swift */,
				9FF24288272539A8005A6093 /* TabViewController+Reactive.swift */,
				9FF242A327255F75005A6093 /* TableView+Extension.swift */,
				9FF242B52725EFA6005A6093 /* UIView+Extension.swift */,
				9FF242B72725F36B005A6093 /* UICollectionView+Extension.swift */,
				9F9BD06A2727954E002862EF /* Data+Extension.swift */,
				9FFAA5CB2728671900A1B3E8 /* String+Extension.swift */,
				9FFAA5D52728701500A1B3E8 /* Encodable+Extension.swift */,
				9FFAA5EA27287B4400A1B3E8 /* Reactive+Extension.swift */,
			);
			path = Extension;
			sourceTree = "<group>";
		};
		9FF2427B27251AC2005A6093 /* Tab */ = {
			isa = PBXGroup;
			children = (
				9F9BD0482727277E002862EF /* TabView */,
				9FF2425A27243AB5005A6093 /* ListPost */,
				9F9BD04727272752002862EF /* User */,
				9FF242A527257748005A6093 /* GaleriPost */,
			);
			path = Tab;
			sourceTree = "<group>";
		};
		9FF2427C27251AE8005A6093 /* Coordinator */ = {
			isa = PBXGroup;
			children = (
				9FF2427D27251AFB005A6093 /* TabCoordinator.swift */,
			);
			path = Coordinator;
			sourceTree = "<group>";
		};
		9FF2427F27251B69005A6093 /* View */ = {
			isa = PBXGroup;
			children = (
				9FF2428027251BAA005A6093 /* TabBarVC.swift */,
				9FF2428127251BAA005A6093 /* TabBarVC.xib */,
			);
			path = View;
			sourceTree = "<group>";
		};
		9FF2428427251BF8005A6093 /* ViewModel */ = {
			isa = PBXGroup;
			children = (
				9FF2428527251C13005A6093 /* TabViewModel.swift */,
			);
			path = ViewModel;
			sourceTree = "<group>";
		};
		9FF2428A27253B4E005A6093 /* DetailPost */ = {
			isa = PBXGroup;
			children = (
				9FF2428D27253B7E005A6093 /* ViewModel */,
				9FF2428C27253B7A005A6093 /* View */,
				9FF2428B27253B57005A6093 /* Coordinator */,
			);
			path = DetailPost;
			sourceTree = "<group>";
		};
		9FF2428B27253B57005A6093 /* Coordinator */ = {
			isa = PBXGroup;
			children = (
				9FF2428E27253BFB005A6093 /* DetailPostCoordinator.swift */,
			);
			path = Coordinator;
			sourceTree = "<group>";
		};
		9FF2428C27253B7A005A6093 /* View */ = {
			isa = PBXGroup;
			children = (
				9FF2429227254395005A6093 /* DetailPostVC.swift */,
				9FF2429327254395005A6093 /* DetailPostVC.xib */,
				9FFAA6002728B4D200A1B3E8 /* CommentCell.swift */,
				9FFAA6012728B4D200A1B3E8 /* CommentCell.xib */,
			);
			path = View;
			sourceTree = "<group>";
		};
		9FF2428D27253B7E005A6093 /* ViewModel */ = {
			isa = PBXGroup;
			children = (
				9FF2429027253C5D005A6093 /* DetailPostViewModel.swift */,
			);
			path = ViewModel;
			sourceTree = "<group>";
		};
		9FF2429627255020005A6093 /* Component */ = {
			isa = PBXGroup;
			children = (
				9FF242B127257AFA005A6093 /* CollectinView */,
				9FF242972725502B005A6093 /* TableView */,
			);
			path = Component;
			sourceTree = "<group>";
		};
		9FF242972725502B005A6093 /* TableView */ = {
			isa = PBXGroup;
			children = (
				9FF24298272550A9005A6093 /* SZTableView.swift */,
			);
			path = TableView;
			sourceTree = "<group>";
		};
		9FF2429A27255125005A6093 /* Cell */ = {
			isa = PBXGroup;
			children = (
				9FF2429F27255C99005A6093 /* ListPostCell.swift */,
				9FF242A027255C99005A6093 /* ListPostCell.xib */,
			);
			path = Cell;
			sourceTree = "<group>";
		};
		9FF242A527257748005A6093 /* GaleriPost */ = {
			isa = PBXGroup;
			children = (
				9FF242A827257792005A6093 /* Model */,
				9FF242A727257774005A6093 /* ViewModel */,
				9FF242A627257768005A6093 /* View */,
			);
			path = GaleriPost;
			sourceTree = "<group>";
		};
		9FF242A627257768005A6093 /* View */ = {
			isa = PBXGroup;
			children = (
				9F9BD03E272707DD002862EF /* Cell */,
				9FF242AD272578F5005A6093 /* GaleriPostVC.swift */,
				9FF242AE272578F5005A6093 /* GaleriPostVC.xib */,
			);
			path = View;
			sourceTree = "<group>";
		};
		9FF242A727257774005A6093 /* ViewModel */ = {
			isa = PBXGroup;
			children = (
				9FF242AB27257857005A6093 /* GaleriPostViewModel.swift */,
				9FFAA5F0272888DD00A1B3E8 /* AlbumViewModel.swift */,
				9FFAA5FA27289F1600A1B3E8 /* ImageViewModel.swift */,
			);
			path = ViewModel;
			sourceTree = "<group>";
		};
		9FF242A827257792005A6093 /* Model */ = {
			isa = PBXGroup;
			children = (
				9FF242A9272577BC005A6093 /* GalerPostViewData.swift */,
				9FFAA5F427288C3900A1B3E8 /* AlbumViewData.swift */,
			);
			path = Model;
			sourceTree = "<group>";
		};
		9FF242B127257AFA005A6093 /* CollectinView */ = {
			isa = PBXGroup;
			children = (
				9FF242B227257B06005A6093 /* Cell */,
				9FF242B327257BBA005A6093 /* SZCollectionView.swift */,
			);
			path = CollectinView;
			sourceTree = "<group>";
		};
		9FF242B227257B06005A6093 /* Cell */ = {
			isa = PBXGroup;
			children = (
				9F9BD03F2727080F002862EF /* SZCollectionViewCell.swift */,
			);
			path = Cell;
			sourceTree = "<group>";
		};
		9FFAA5C82728546100A1B3E8 /* Model */ = {
			isa = PBXGroup;
			children = (
				9FFAA5C92728546C00A1B3E8 /* PostModel.swift */,
				9FFAA5CD27286D4C00A1B3E8 /* UserModel.swift */,
				9FFAA5D92728714200A1B3E8 /* SettingKey.swift */,
				9FFAA5F2272889EA00A1B3E8 /* AlbumModel.swift */,
				9FFAA5FC27289FDB00A1B3E8 /* PhotoModel.swift */,
				9FFAA5FE2728B25B00A1B3E8 /* CommentModel.swift */,
			);
			path = Model;
			sourceTree = "<group>";
		};
		9FFAA5D127286F6E00A1B3E8 /* Protocol */ = {
			isa = PBXGroup;
			children = (
				9FFAA5CF27286F4C00A1B3E8 /* DataManager.swift */,
			);
			path = Protocol;
			sourceTree = "<group>";
		};
		9FFAA5D227286FAA00A1B3E8 /* LocalData */ = {
			isa = PBXGroup;
			children = (
				9FFAA5D327286FBA00A1B3E8 /* UserDataManager.swift */,
			);
			path = LocalData;
			sourceTree = "<group>";
		};
		9FFAA5DB272876A200A1B3E8 /* Launch */ = {
			isa = PBXGroup;
			children = (
				9FFAA5E32728772D00A1B3E8 /* View */,
				9FFAA5DF2728770500A1B3E8 /* ViewModel */,
				9FFAA5DC272876D400A1B3E8 /* Coordinator */,
			);
			path = Launch;
			sourceTree = "<group>";
		};
		9FFAA5DC272876D400A1B3E8 /* Coordinator */ = {
			isa = PBXGroup;
			children = (
				9FFAA5E8272877BF00A1B3E8 /* LaunchCoordinator.swift */,
			);
			path = Coordinator;
			sourceTree = "<group>";
		};
		9FFAA5DF2728770500A1B3E8 /* ViewModel */ = {
			isa = PBXGroup;
			children = (
				9FFAA5E02728771900A1B3E8 /* LaunchViewModel.swift */,
			);
			path = ViewModel;
			sourceTree = "<group>";
		};
		9FFAA5E32728772D00A1B3E8 /* View */ = {
			isa = PBXGroup;
			children = (
				9FFAA5E42728774300A1B3E8 /* LaunchVC.swift */,
				9FFAA5E52728774300A1B3E8 /* LaunchVC.xib */,
			);
			path = View;
			sourceTree = "<group>";
		};
		9FFAA6042728B92800A1B3E8 /* DetailUser */ = {
			isa = PBXGroup;
			children = (
				9FFAA6082728B97600A1B3E8 /* View */,
				9FFAA6072728B96900A1B3E8 /* ViewModel */,
				9FFAA6062728B96300A1B3E8 /* Model */,
				9FFAA6052728B95B00A1B3E8 /* Coordinator */,
			);
			path = DetailUser;
			sourceTree = "<group>";
		};
		9FFAA6052728B95B00A1B3E8 /* Coordinator */ = {
			isa = PBXGroup;
			children = (
				9FFAA6112728B9C100A1B3E8 /* DetailUserCoordinator.swift */,
			);
			path = Coordinator;
			sourceTree = "<group>";
		};
		9FFAA6062728B96300A1B3E8 /* Model */ = {
			isa = PBXGroup;
			children = (
				9FFAA60F2728B9B400A1B3E8 /* DetailUserViewData.swift */,
			);
			path = Model;
			sourceTree = "<group>";
		};
		9FFAA6072728B96900A1B3E8 /* ViewModel */ = {
			isa = PBXGroup;
			children = (
				9FFAA60D2728B9A800A1B3E8 /* DetailUserViewModel.swift */,
			);
			path = ViewModel;
			sourceTree = "<group>";
		};
		9FFAA6082728B97600A1B3E8 /* View */ = {
			isa = PBXGroup;
			children = (
				9FFAA6092728B99100A1B3E8 /* DetailUserVC.swift */,
				9FFAA60A2728B99100A1B3E8 /* DetailUserVC.xib */,
			);
			path = View;
			sourceTree = "<group>";
		};
		9FFAA6132728C1BA00A1B3E8 /* ImageView */ = {
			isa = PBXGroup;
			children = (
				9FFAA6172728C22100A1B3E8 /* View */,
				9FFAA6162728C21800A1B3E8 /* ViewModel */,
				9FFAA6152728C21100A1B3E8 /* Model */,
				9FFAA6142728C1DC00A1B3E8 /* Coordinator */,
			);
			path = ImageView;
			sourceTree = "<group>";
		};
		9FFAA6142728C1DC00A1B3E8 /* Coordinator */ = {
			isa = PBXGroup;
			children = (
				9FFAA6202728C2A300A1B3E8 /* ImageViewCoordinator.swift */,
			);
			path = Coordinator;
			sourceTree = "<group>";
		};
		9FFAA6152728C21100A1B3E8 /* Model */ = {
			isa = PBXGroup;
			children = (
				9FFAA61E2728C27E00A1B3E8 /* ImageViewData.swift */,
			);
			path = Model;
			sourceTree = "<group>";
		};
		9FFAA6162728C21800A1B3E8 /* ViewModel */ = {
			isa = PBXGroup;
			children = (
				9FFAA61C2728C24500A1B3E8 /* ImageViewViewModel.swift */,
			);
			path = ViewModel;
			sourceTree = "<group>";
		};
		9FFAA6172728C22100A1B3E8 /* View */ = {
			isa = PBXGroup;
			children = (
				9FFAA6182728C23500A1B3E8 /* ImageViewVC.swift */,
				9FFAA6192728C23500A1B3E8 /* ImageViewVC.xib */,
			);
			path = View;
			sourceTree = "<group>";
		};
/* End PBXGroup section */

/* Begin PBXNativeTarget section */
		9FC0F6B72723ED4800231AC3 /* KumparanUser */ = {
			isa = PBXNativeTarget;
			buildConfigurationList = 9FC0F6E52723ED4C00231AC3 /* Build configuration list for PBXNativeTarget "KumparanUser" */;
			buildPhases = (
				4AFCB54312ED6CC8F2368ACE /* [CP] Check Pods Manifest.lock */,
				9FC0F6B42723ED4800231AC3 /* Sources */,
				9FC0F6B52723ED4800231AC3 /* Frameworks */,
				9FC0F6B62723ED4800231AC3 /* Resources */,
				7E82994490A04422A5734DF6 /* [CP] Embed Pods Frameworks */,
				9FF2425E27243B9B005A6093 /* SwiftLint */,
			);
			buildRules = (
			);
			dependencies = (
			);
			name = KumparanUser;
			productName = KumparanUser;
			productReference = 9FC0F6B82723ED4800231AC3 /* KumparanUser.app */;
			productType = "com.apple.product-type.application";
		};
		9FC0F6D02723ED4C00231AC3 /* KumparanUserTests */ = {
			isa = PBXNativeTarget;
			buildConfigurationList = 9FC0F6E82723ED4C00231AC3 /* Build configuration list for PBXNativeTarget "KumparanUserTests" */;
			buildPhases = (
				9FC0F6CD2723ED4C00231AC3 /* Sources */,
				9FC0F6CE2723ED4C00231AC3 /* Frameworks */,
				9FC0F6CF2723ED4C00231AC3 /* Resources */,
			);
			buildRules = (
			);
			dependencies = (
				9FC0F6D32723ED4C00231AC3 /* PBXTargetDependency */,
			);
			name = KumparanUserTests;
			productName = KumparanUserTests;
			productReference = 9FC0F6D12723ED4C00231AC3 /* KumparanUserTests.xctest */;
			productType = "com.apple.product-type.bundle.unit-test";
		};
		9FC0F6DA2723ED4C00231AC3 /* KumparanUserUITests */ = {
			isa = PBXNativeTarget;
			buildConfigurationList = 9FC0F6EB2723ED4C00231AC3 /* Build configuration list for PBXNativeTarget "KumparanUserUITests" */;
			buildPhases = (
				9FC0F6D72723ED4C00231AC3 /* Sources */,
				9FC0F6D82723ED4C00231AC3 /* Frameworks */,
				9FC0F6D92723ED4C00231AC3 /* Resources */,
			);
			buildRules = (
			);
			dependencies = (
				9FC0F6DD2723ED4C00231AC3 /* PBXTargetDependency */,
			);
			name = KumparanUserUITests;
			productName = KumparanUserUITests;
			productReference = 9FC0F6DB2723ED4C00231AC3 /* KumparanUserUITests.xctest */;
			productType = "com.apple.product-type.bundle.ui-testing";
		};
/* End PBXNativeTarget section */

/* Begin PBXProject section */
		9FC0F6B02723ED4800231AC3 /* Project object */ = {
			isa = PBXProject;
			attributes = {
				BuildIndependentTargetsInParallel = 1;
				LastSwiftUpdateCheck = 1300;
				LastUpgradeCheck = 1300;
				TargetAttributes = {
					9FC0F6B72723ED4800231AC3 = {
						CreatedOnToolsVersion = 13.0;
					};
					9FC0F6D02723ED4C00231AC3 = {
						CreatedOnToolsVersion = 13.0;
						TestTargetID = 9FC0F6B72723ED4800231AC3;
					};
					9FC0F6DA2723ED4C00231AC3 = {
						CreatedOnToolsVersion = 13.0;
						TestTargetID = 9FC0F6B72723ED4800231AC3;
					};
				};
			};
			buildConfigurationList = 9FC0F6B32723ED4800231AC3 /* Build configuration list for PBXProject "KumparanUser" */;
			compatibilityVersion = "Xcode 13.0";
			developmentRegion = en;
			hasScannedForEncodings = 0;
			knownRegions = (
				en,
				Base,
			);
			mainGroup = 9FC0F6AF2723ED4800231AC3;
			productRefGroup = 9FC0F6B92723ED4800231AC3 /* Products */;
			projectDirPath = "";
			projectRoot = "";
			targets = (
				9FC0F6B72723ED4800231AC3 /* KumparanUser */,
				9FC0F6D02723ED4C00231AC3 /* KumparanUserTests */,
				9FC0F6DA2723ED4C00231AC3 /* KumparanUserUITests */,
			);
		};
/* End PBXProject section */

/* Begin PBXResourcesBuildPhase section */
		9FC0F6B62723ED4800231AC3 /* Resources */ = {
			isa = PBXResourcesBuildPhase;
			buildActionMask = 2147483647;
			files = (
				9FFAA60C2728B99100A1B3E8 /* DetailUserVC.xib in Resources */,
				9FFAA5F927288DF500A1B3E8 /* ImageCell.xib in Resources */,
				9FF2429527254395005A6093 /* DetailPostVC.xib in Resources */,
				9FFAA5E72728774300A1B3E8 /* LaunchVC.xib in Resources */,
				9FC0F6CB2723ED4C00231AC3 /* LaunchScreen.storyboard in Resources */,
				9FF242B0272578F5005A6093 /* GaleriPostVC.xib in Resources */,
				9F9BD046272709C0002862EF /* GaleriImageCell.xib in Resources */,
				9FFAA61B2728C23500A1B3E8 /* ImageViewVC.xib in Resources */,
				9F9BD05927277C7F002862EF /* UserCell.xib in Resources */,
				9FF2426627243C39005A6093 /* ListPostVC.xib in Resources */,
				9FFAA5EF2728856100A1B3E8 /* AlbumCell.xib in Resources */,
				9F9BD053272727F1002862EF /* UserVC.xib in Resources */,
				9FF242A227255C99005A6093 /* ListPostCell.xib in Resources */,
				9FF2428327251BAA005A6093 /* TabBarVC.xib in Resources */,
				9FC0F6C82723ED4C00231AC3 /* Assets.xcassets in Resources */,
				9FFAA6032728B4D200A1B3E8 /* CommentCell.xib in Resources */,
			);
			runOnlyForDeploymentPostprocessing = 0;
		};
		9FC0F6CF2723ED4C00231AC3 /* Resources */ = {
			isa = PBXResourcesBuildPhase;
			buildActionMask = 2147483647;
			files = (
			);
			runOnlyForDeploymentPostprocessing = 0;
		};
		9FC0F6D92723ED4C00231AC3 /* Resources */ = {
			isa = PBXResourcesBuildPhase;
			buildActionMask = 2147483647;
			files = (
			);
			runOnlyForDeploymentPostprocessing = 0;
		};
/* End PBXResourcesBuildPhase section */

/* Begin PBXShellScriptBuildPhase section */
		4AFCB54312ED6CC8F2368ACE /* [CP] Check Pods Manifest.lock */ = {
			isa = PBXShellScriptBuildPhase;
			buildActionMask = 2147483647;
			files = (
			);
			inputFileListPaths = (
			);
			inputPaths = (
				"${PODS_PODFILE_DIR_PATH}/Podfile.lock",
				"${PODS_ROOT}/Manifest.lock",
			);
			name = "[CP] Check Pods Manifest.lock";
			outputFileListPaths = (
			);
			outputPaths = (
				"$(DERIVED_FILE_DIR)/Pods-KumparanUser-checkManifestLockResult.txt",
			);
			runOnlyForDeploymentPostprocessing = 0;
			shellPath = /bin/sh;
			shellScript = "diff \"${PODS_PODFILE_DIR_PATH}/Podfile.lock\" \"${PODS_ROOT}/Manifest.lock\" > /dev/null\nif [ $? != 0 ] ; then\n    # print error to STDERR\n    echo \"error: The sandbox is not in sync with the Podfile.lock. Run 'pod install' or update your CocoaPods installation.\" >&2\n    exit 1\nfi\n# This output is used by Xcode 'outputs' to avoid re-running this script phase.\necho \"SUCCESS\" > \"${SCRIPT_OUTPUT_FILE_0}\"\n";
			showEnvVarsInLog = 0;
		};
		7E82994490A04422A5734DF6 /* [CP] Embed Pods Frameworks */ = {
			isa = PBXShellScriptBuildPhase;
			buildActionMask = 2147483647;
			files = (
			);
			inputFileListPaths = (
				"${PODS_ROOT}/Target Support Files/Pods-KumparanUser/Pods-KumparanUser-frameworks-${CONFIGURATION}-input-files.xcfilelist",
			);
			name = "[CP] Embed Pods Frameworks";
			outputFileListPaths = (
				"${PODS_ROOT}/Target Support Files/Pods-KumparanUser/Pods-KumparanUser-frameworks-${CONFIGURATION}-output-files.xcfilelist",
			);
			runOnlyForDeploymentPostprocessing = 0;
			shellPath = /bin/sh;
			shellScript = "\"${PODS_ROOT}/Target Support Files/Pods-KumparanUser/Pods-KumparanUser-frameworks.sh\"\n";
			showEnvVarsInLog = 0;
		};
		9FF2425E27243B9B005A6093 /* SwiftLint */ = {
			isa = PBXShellScriptBuildPhase;
			buildActionMask = 2147483647;
			files = (
			);
			inputFileListPaths = (
			);
			inputPaths = (
			);
			name = SwiftLint;
			outputFileListPaths = (
			);
			outputPaths = (
			);
			runOnlyForDeploymentPostprocessing = 0;
			shellPath = /bin/sh;
			shellScript = "if which swiftlint >/dev/null; then\n  swiftlint\nelse\n  echo \"warning: SwiftLint not installed, download from https://github.com/realm/SwiftLint\"\nfi\n";
		};
/* End PBXShellScriptBuildPhase section */

/* Begin PBXSourcesBuildPhase section */
		9FC0F6B42723ED4800231AC3 /* Sources */ = {
			isa = PBXSourcesBuildPhase;
			buildActionMask = 2147483647;
			files = (
				9FF2426D27244E18005A6093 /* AppCoordinator.swift in Sources */,
				9FFAA6122728B9C100A1B3E8 /* DetailUserCoordinator.swift in Sources */,
				9F9BD06127278FB4002862EF /* HttpClientProduction.swift in Sources */,
				9FF2429E27255BF8005A6093 /* SZTableViewCell.swift in Sources */,
				9FF2426927243C68005A6093 /* ListPostViewModel.swift in Sources */,
				9FFAA5DA2728714200A1B3E8 /* SettingKey.swift in Sources */,
				9FFAA61F2728C27E00A1B3E8 /* ImageViewData.swift in Sources */,
				9FFAA5E9272877BF00A1B3E8 /* LaunchCoordinator.swift in Sources */,
				9FFAA5F827288DF500A1B3E8 /* ImageCell.swift in Sources */,
				9FFAA5CA2728546C00A1B3E8 /* PostModel.swift in Sources */,
				9F9BD06327279013002862EF /* HttpMethod.swift in Sources */,
				9FF24273272451C3005A6093 /* ViewControllerUtils.swift in Sources */,
				9FF242BC2725F97E005A6093 /* SZCollectionViewSection.swift in Sources */,
				9F9BD045272709C0002862EF /* GaleriImageCell.swift in Sources */,
				9F9BD0402727080F002862EF /* SZCollectionViewCell.swift in Sources */,
				9FF24299272550A9005A6093 /* SZTableView.swift in Sources */,
				9FFAA61A2728C23500A1B3E8 /* ImageViewVC.swift in Sources */,
				9F9BD067272793CE002862EF /* ApiRequest.swift in Sources */,
				9F9BD05827277C7F002862EF /* UserCell.swift in Sources */,
				9F2FD8472728045D00CEC67B /* PostRepository.swift in Sources */,
				9FFAA5F527288C3900A1B3E8 /* AlbumViewData.swift in Sources */,
				9FF2429C27255332005A6093 /* SZSectionSection.swift in Sources */,
				9FFAA5EE2728856100A1B3E8 /* AlbumCell.swift in Sources */,
				9FF2426527243C39005A6093 /* ListPostVC.swift in Sources */,
				9F9BD06D2727957F002862EF /* Json.swift in Sources */,
				9FFAA5D62728701500A1B3E8 /* Encodable+Extension.swift in Sources */,
				9F9BD052272727F1002862EF /* UserVC.swift in Sources */,
				9FFAA60B2728B99100A1B3E8 /* DetailUserVC.swift in Sources */,
				9FFAA5D82728705300A1B3E8 /* Logger.swift in Sources */,
				9FC0F6F62723F85900231AC3 /* SZViewController.swift in Sources */,
				9FFAA5E12728771900A1B3E8 /* LaunchViewModel.swift in Sources */,
				9FF242AC27257857005A6093 /* GaleriPostViewModel.swift in Sources */,
				9F9BD06B2727954E002862EF /* Data+Extension.swift in Sources */,
				9FC0F6C02723ED4800231AC3 /* ViewController.swift in Sources */,
				9FFAA5FD27289FDB00A1B3E8 /* PhotoModel.swift in Sources */,
				9F9BD04F272727D2002862EF /* UserViewModel.swift in Sources */,
				9F9BD04D272727C6002862EF /* UserViewData.swift in Sources */,
				9FF24289272539A8005A6093 /* TabViewController+Reactive.swift in Sources */,
				9FFAA5D027286F4C00A1B3E8 /* DataManager.swift in Sources */,
				9FF242B82725F36B005A6093 /* UICollectionView+Extension.swift in Sources */,
				9FFAA5D427286FBA00A1B3E8 /* UserDataManager.swift in Sources */,
				9FFAA60E2728B9A800A1B3E8 /* DetailUserViewModel.swift in Sources */,
				9FC0F6FC2723FC5A00231AC3 /* CoordiantorResult.swift in Sources */,
				9FFAA61D2728C24600A1B3E8 /* ImageViewViewModel.swift in Sources */,
				9FFAA6022728B4D200A1B3E8 /* CommentCell.swift in Sources */,
				9FF2427027244F3D005A6093 /* SessionService.swift in Sources */,
				9FF24276272452BA005A6093 /* Containter+Extension.swift in Sources */,
				9FF2427E27251AFB005A6093 /* TabCoordinator.swift in Sources */,
				9FC0F6BC2723ED4800231AC3 /* AppDelegate.swift in Sources */,
				9FFAA6212728C2A300A1B3E8 /* ImageViewCoordinator.swift in Sources */,
				9FFAA5F3272889EA00A1B3E8 /* AlbumModel.swift in Sources */,
				9FFAA5EB27287B4400A1B3E8 /* Reactive+Extension.swift in Sources */,
				9FC0F6F82723F86E00231AC3 /* SZViewModel.swift in Sources */,
				9FFAA5CC2728671A00A1B3E8 /* String+Extension.swift in Sources */,
				9FF242B62725EFA6005A6093 /* UIView+Extension.swift in Sources */,
				9FFAA5FB27289F1600A1B3E8 /* ImageViewModel.swift in Sources */,
				9FF242A127255C99005A6093 /* ListPostCell.swift in Sources */,
				9FFAA6102728B9B400A1B3E8 /* DetailUserViewData.swift in Sources */,
				9FFAA5F1272888DD00A1B3E8 /* AlbumViewModel.swift in Sources */,
				9F9BD05D2727894D002862EF /* BackendRestClient.swift in Sources */,
				9FC0F6C62723ED4800231AC3 /* KumparanUser.xcdatamodeld in Sources */,
				9FF242A427255F75005A6093 /* TableView+Extension.swift in Sources */,
				9F9BD05F272789F9002862EF /* SZModel.swift in Sources */,
				9F9BD06527279049002862EF /* ApiResponse.swift in Sources */,
				9FF242B427257BBA005A6093 /* SZCollectionView.swift in Sources */,
				9FF2428F27253BFB005A6093 /* DetailPostCoordinator.swift in Sources */,
				9F9BD069272794D5002862EF /* ApiError.swift in Sources */,
				9FF2428227251BAA005A6093 /* TabBarVC.swift in Sources */,
				9FF242BA2725F78F005A6093 /* SizeUtils.swift in Sources */,
				9FC0F6F42723F84500231AC3 /* SZCoordinator.swift in Sources */,
				9FF2428627251C13005A6093 /* TabViewModel.swift in Sources */,
				9FFAA5E62728774300A1B3E8 /* LaunchVC.swift in Sources */,
				9FF2429427254395005A6093 /* DetailPostVC.swift in Sources */,
				9FF242AA272577BC005A6093 /* GalerPostViewData.swift in Sources */,
				9FF2429127253C5D005A6093 /* DetailPostViewModel.swift in Sources */,
				9FF242AF272578F5005A6093 /* GaleriPostVC.swift in Sources */,
				9FFAA5FF2728B25B00A1B3E8 /* CommentModel.swift in Sources */,
				9FF2426B27243D00005A6093 /* ListPostViewData.swift in Sources */,
				9FFAA5CE27286D4C00A1B3E8 /* UserModel.swift in Sources */,
			);
			runOnlyForDeploymentPostprocessing = 0;
		};
		9FC0F6CD2723ED4C00231AC3 /* Sources */ = {
			isa = PBXSourcesBuildPhase;
			buildActionMask = 2147483647;
			files = (
				9FC0F6D62723ED4C00231AC3 /* KumparanUserTests.swift in Sources */,
				9F9BD055272777E0002862EF /* UtilTest.swift in Sources */,
			);
			runOnlyForDeploymentPostprocessing = 0;
		};
		9FC0F6D72723ED4C00231AC3 /* Sources */ = {
			isa = PBXSourcesBuildPhase;
			buildActionMask = 2147483647;
			files = (
				9FC0F6E22723ED4C00231AC3 /* KumparanUserUITestsLaunchTests.swift in Sources */,
				9FC0F6E02723ED4C00231AC3 /* KumparanUserUITests.swift in Sources */,
			);
			runOnlyForDeploymentPostprocessing = 0;
		};
/* End PBXSourcesBuildPhase section */

/* Begin PBXTargetDependency section */
		9FC0F6D32723ED4C00231AC3 /* PBXTargetDependency */ = {
			isa = PBXTargetDependency;
			target = 9FC0F6B72723ED4800231AC3 /* KumparanUser */;
			targetProxy = 9FC0F6D22723ED4C00231AC3 /* PBXContainerItemProxy */;
		};
		9FC0F6DD2723ED4C00231AC3 /* PBXTargetDependency */ = {
			isa = PBXTargetDependency;
			target = 9FC0F6B72723ED4800231AC3 /* KumparanUser */;
			targetProxy = 9FC0F6DC2723ED4C00231AC3 /* PBXContainerItemProxy */;
		};
/* End PBXTargetDependency section */

/* Begin PBXVariantGroup section */
		9FC0F6C92723ED4C00231AC3 /* LaunchScreen.storyboard */ = {
			isa = PBXVariantGroup;
			children = (
				9FC0F6CA2723ED4C00231AC3 /* Base */,
			);
			name = LaunchScreen.storyboard;
			sourceTree = "<group>";
		};
/* End PBXVariantGroup section */

/* Begin XCBuildConfiguration section */
		9FC0F6E32723ED4C00231AC3 /* Debug */ = {
			isa = XCBuildConfiguration;
			buildSettings = {
				ALWAYS_SEARCH_USER_PATHS = NO;
				CLANG_ANALYZER_NONNULL = YES;
				CLANG_ANALYZER_NUMBER_OBJECT_CONVERSION = YES_AGGRESSIVE;
				CLANG_CXX_LANGUAGE_STANDARD = "gnu++17";
				CLANG_CXX_LIBRARY = "libc++";
				CLANG_ENABLE_MODULES = YES;
				CLANG_ENABLE_OBJC_ARC = YES;
				CLANG_ENABLE_OBJC_WEAK = YES;
				CLANG_WARN_BLOCK_CAPTURE_AUTORELEASING = YES;
				CLANG_WARN_BOOL_CONVERSION = YES;
				CLANG_WARN_COMMA = YES;
				CLANG_WARN_CONSTANT_CONVERSION = YES;
				CLANG_WARN_DEPRECATED_OBJC_IMPLEMENTATIONS = YES;
				CLANG_WARN_DIRECT_OBJC_ISA_USAGE = YES_ERROR;
				CLANG_WARN_DOCUMENTATION_COMMENTS = YES;
				CLANG_WARN_EMPTY_BODY = YES;
				CLANG_WARN_ENUM_CONVERSION = YES;
				CLANG_WARN_INFINITE_RECURSION = YES;
				CLANG_WARN_INT_CONVERSION = YES;
				CLANG_WARN_NON_LITERAL_NULL_CONVERSION = YES;
				CLANG_WARN_OBJC_IMPLICIT_RETAIN_SELF = YES;
				CLANG_WARN_OBJC_LITERAL_CONVERSION = YES;
				CLANG_WARN_OBJC_ROOT_CLASS = YES_ERROR;
				CLANG_WARN_QUOTED_INCLUDE_IN_FRAMEWORK_HEADER = YES;
				CLANG_WARN_RANGE_LOOP_ANALYSIS = YES;
				CLANG_WARN_STRICT_PROTOTYPES = YES;
				CLANG_WARN_SUSPICIOUS_MOVE = YES;
				CLANG_WARN_UNGUARDED_AVAILABILITY = YES_AGGRESSIVE;
				CLANG_WARN_UNREACHABLE_CODE = YES;
				CLANG_WARN__DUPLICATE_METHOD_MATCH = YES;
				COPY_PHASE_STRIP = NO;
				DEBUG_INFORMATION_FORMAT = dwarf;
				ENABLE_STRICT_OBJC_MSGSEND = YES;
				ENABLE_TESTABILITY = YES;
				GCC_C_LANGUAGE_STANDARD = gnu11;
				GCC_DYNAMIC_NO_PIC = NO;
				GCC_NO_COMMON_BLOCKS = YES;
				GCC_OPTIMIZATION_LEVEL = 0;
				GCC_PREPROCESSOR_DEFINITIONS = (
					"DEBUG=1",
					"$(inherited)",
				);
				GCC_WARN_64_TO_32_BIT_CONVERSION = YES;
				GCC_WARN_ABOUT_RETURN_TYPE = YES_ERROR;
				GCC_WARN_UNDECLARED_SELECTOR = YES;
				GCC_WARN_UNINITIALIZED_AUTOS = YES_AGGRESSIVE;
				GCC_WARN_UNUSED_FUNCTION = YES;
				GCC_WARN_UNUSED_VARIABLE = YES;
				IPHONEOS_DEPLOYMENT_TARGET = 12.0;
				MTL_ENABLE_DEBUG_INFO = INCLUDE_SOURCE;
				MTL_FAST_MATH = YES;
				ONLY_ACTIVE_ARCH = YES;
				SDKROOT = iphoneos;
				SWIFT_ACTIVE_COMPILATION_CONDITIONS = DEBUG;
				SWIFT_OPTIMIZATION_LEVEL = "-Onone";
			};
			name = Debug;
		};
		9FC0F6E42723ED4C00231AC3 /* Release */ = {
			isa = XCBuildConfiguration;
			buildSettings = {
				ALWAYS_SEARCH_USER_PATHS = NO;
				CLANG_ANALYZER_NONNULL = YES;
				CLANG_ANALYZER_NUMBER_OBJECT_CONVERSION = YES_AGGRESSIVE;
				CLANG_CXX_LANGUAGE_STANDARD = "gnu++17";
				CLANG_CXX_LIBRARY = "libc++";
				CLANG_ENABLE_MODULES = YES;
				CLANG_ENABLE_OBJC_ARC = YES;
				CLANG_ENABLE_OBJC_WEAK = YES;
				CLANG_WARN_BLOCK_CAPTURE_AUTORELEASING = YES;
				CLANG_WARN_BOOL_CONVERSION = YES;
				CLANG_WARN_COMMA = YES;
				CLANG_WARN_CONSTANT_CONVERSION = YES;
				CLANG_WARN_DEPRECATED_OBJC_IMPLEMENTATIONS = YES;
				CLANG_WARN_DIRECT_OBJC_ISA_USAGE = YES_ERROR;
				CLANG_WARN_DOCUMENTATION_COMMENTS = YES;
				CLANG_WARN_EMPTY_BODY = YES;
				CLANG_WARN_ENUM_CONVERSION = YES;
				CLANG_WARN_INFINITE_RECURSION = YES;
				CLANG_WARN_INT_CONVERSION = YES;
				CLANG_WARN_NON_LITERAL_NULL_CONVERSION = YES;
				CLANG_WARN_OBJC_IMPLICIT_RETAIN_SELF = YES;
				CLANG_WARN_OBJC_LITERAL_CONVERSION = YES;
				CLANG_WARN_OBJC_ROOT_CLASS = YES_ERROR;
				CLANG_WARN_QUOTED_INCLUDE_IN_FRAMEWORK_HEADER = YES;
				CLANG_WARN_RANGE_LOOP_ANALYSIS = YES;
				CLANG_WARN_STRICT_PROTOTYPES = YES;
				CLANG_WARN_SUSPICIOUS_MOVE = YES;
				CLANG_WARN_UNGUARDED_AVAILABILITY = YES_AGGRESSIVE;
				CLANG_WARN_UNREACHABLE_CODE = YES;
				CLANG_WARN__DUPLICATE_METHOD_MATCH = YES;
				COPY_PHASE_STRIP = NO;
				DEBUG_INFORMATION_FORMAT = "dwarf-with-dsym";
				ENABLE_NS_ASSERTIONS = NO;
				ENABLE_STRICT_OBJC_MSGSEND = YES;
				GCC_C_LANGUAGE_STANDARD = gnu11;
				GCC_NO_COMMON_BLOCKS = YES;
				GCC_WARN_64_TO_32_BIT_CONVERSION = YES;
				GCC_WARN_ABOUT_RETURN_TYPE = YES_ERROR;
				GCC_WARN_UNDECLARED_SELECTOR = YES;
				GCC_WARN_UNINITIALIZED_AUTOS = YES_AGGRESSIVE;
				GCC_WARN_UNUSED_FUNCTION = YES;
				GCC_WARN_UNUSED_VARIABLE = YES;
				IPHONEOS_DEPLOYMENT_TARGET = 12.0;
				MTL_ENABLE_DEBUG_INFO = NO;
				MTL_FAST_MATH = YES;
				SDKROOT = iphoneos;
				SWIFT_COMPILATION_MODE = wholemodule;
				SWIFT_OPTIMIZATION_LEVEL = "-O";
				VALIDATE_PRODUCT = YES;
			};
			name = Release;
		};
		9FC0F6E62723ED4C00231AC3 /* Debug */ = {
			isa = XCBuildConfiguration;
			baseConfigurationReference = 3247C093C554FB68C38976B4 /* Pods-KumparanUser.debug.xcconfig */;
			buildSettings = {
				ASSETCATALOG_COMPILER_APPICON_NAME = AppIcon;
				ASSETCATALOG_COMPILER_GLOBAL_ACCENT_COLOR_NAME = AccentColor;
				ASSETCATALOG_COMPILER_INCLUDE_ALL_APPICON_ASSETS = YES;
				CODE_SIGN_STYLE = Automatic;
				CURRENT_PROJECT_VERSION = 2;
				DEVELOPMENT_TEAM = QNT26F7HW2;
				GENERATE_INFOPLIST_FILE = YES;
				INFOPLIST_FILE = KumparanUser/Info.plist;
				INFOPLIST_KEY_CFBundleDisplayName = "Squad Zone";
				INFOPLIST_KEY_UIApplicationSupportsIndirectInputEvents = YES;
				INFOPLIST_KEY_UILaunchStoryboardName = LaunchScreen;
				INFOPLIST_KEY_UIMainStoryboardFile = LaunchScreen;
				INFOPLIST_KEY_UISupportedInterfaceOrientations_iPad = "UIInterfaceOrientationPortrait UIInterfaceOrientationPortraitUpsideDown UIInterfaceOrientationLandscapeLeft UIInterfaceOrientationLandscapeRight";
				INFOPLIST_KEY_UISupportedInterfaceOrientations_iPhone = "UIInterfaceOrientationPortrait UIInterfaceOrientationLandscapeLeft UIInterfaceOrientationLandscapeRight";
				LD_RUNPATH_SEARCH_PATHS = (
					"$(inherited)",
					"@executable_path/Frameworks",
				);
				MARKETING_VERSION = 1.0.0;
				PRODUCT_BUNDLE_IDENTIFIER = tech.xabdaz.squadzone;
				PRODUCT_NAME = "$(TARGET_NAME)";
				SWIFT_EMIT_LOC_STRINGS = YES;
				SWIFT_VERSION = 5.0;
				TARGETED_DEVICE_FAMILY = "1,2";
			};
			name = Debug;
		};
		9FC0F6E72723ED4C00231AC3 /* Release */ = {
			isa = XCBuildConfiguration;
			baseConfigurationReference = 360CB6BDC6B252956F3C9AE5 /* Pods-KumparanUser.release.xcconfig */;
			buildSettings = {
				ASSETCATALOG_COMPILER_APPICON_NAME = AppIcon;
				ASSETCATALOG_COMPILER_GLOBAL_ACCENT_COLOR_NAME = AccentColor;
				ASSETCATALOG_COMPILER_INCLUDE_ALL_APPICON_ASSETS = YES;
				CODE_SIGN_STYLE = Automatic;
				CURRENT_PROJECT_VERSION = 2;
				DEVELOPMENT_TEAM = QNT26F7HW2;
				GENERATE_INFOPLIST_FILE = YES;
				INFOPLIST_FILE = KumparanUser/Info.plist;
				INFOPLIST_KEY_CFBundleDisplayName = "Squad Zone";
				INFOPLIST_KEY_UIApplicationSupportsIndirectInputEvents = YES;
				INFOPLIST_KEY_UILaunchStoryboardName = LaunchScreen;
				INFOPLIST_KEY_UIMainStoryboardFile = LaunchScreen;
				INFOPLIST_KEY_UISupportedInterfaceOrientations_iPad = "UIInterfaceOrientationPortrait UIInterfaceOrientationPortraitUpsideDown UIInterfaceOrientationLandscapeLeft UIInterfaceOrientationLandscapeRight";
				INFOPLIST_KEY_UISupportedInterfaceOrientations_iPhone = "UIInterfaceOrientationPortrait UIInterfaceOrientationLandscapeLeft UIInterfaceOrientationLandscapeRight";
				LD_RUNPATH_SEARCH_PATHS = (
					"$(inherited)",
					"@executable_path/Frameworks",
				);
				MARKETING_VERSION = 1.0.0;
				PRODUCT_BUNDLE_IDENTIFIER = tech.xabdaz.squadzone;
				PRODUCT_NAME = "$(TARGET_NAME)";
				SWIFT_EMIT_LOC_STRINGS = YES;
				SWIFT_VERSION = 5.0;
				TARGETED_DEVICE_FAMILY = "1,2";
			};
			name = Release;
		};
		9FC0F6E92723ED4C00231AC3 /* Debug */ = {
			isa = XCBuildConfiguration;
			buildSettings = {
				ALWAYS_EMBED_SWIFT_STANDARD_LIBRARIES = YES;
				BUNDLE_LOADER = "$(TEST_HOST)";
				CODE_SIGN_STYLE = Automatic;
				CURRENT_PROJECT_VERSION = 1;
				DEVELOPMENT_TEAM = QNT26F7HW2;
				GENERATE_INFOPLIST_FILE = YES;
				IPHONEOS_DEPLOYMENT_TARGET = 15.0;
				LD_RUNPATH_SEARCH_PATHS = (
					"$(inherited)",
					"@executable_path/Frameworks",
					"@loader_path/Frameworks",
				);
				MARKETING_VERSION = 1.0;
				PRODUCT_BUNDLE_IDENTIFIER = tech.xabdaz.KumparanUserTests;
				PRODUCT_NAME = "$(TARGET_NAME)";
				SWIFT_EMIT_LOC_STRINGS = NO;
				SWIFT_VERSION = 5.0;
				TARGETED_DEVICE_FAMILY = "1,2";
				TEST_HOST = "$(BUILT_PRODUCTS_DIR)/KumparanUser.app/KumparanUser";
			};
			name = Debug;
		};
		9FC0F6EA2723ED4C00231AC3 /* Release */ = {
			isa = XCBuildConfiguration;
			buildSettings = {
				ALWAYS_EMBED_SWIFT_STANDARD_LIBRARIES = YES;
				BUNDLE_LOADER = "$(TEST_HOST)";
				CODE_SIGN_STYLE = Automatic;
				CURRENT_PROJECT_VERSION = 1;
				DEVELOPMENT_TEAM = QNT26F7HW2;
				GENERATE_INFOPLIST_FILE = YES;
				IPHONEOS_DEPLOYMENT_TARGET = 15.0;
				LD_RUNPATH_SEARCH_PATHS = (
					"$(inherited)",
					"@executable_path/Frameworks",
					"@loader_path/Frameworks",
				);
				MARKETING_VERSION = 1.0;
				PRODUCT_BUNDLE_IDENTIFIER = tech.xabdaz.KumparanUserTests;
				PRODUCT_NAME = "$(TARGET_NAME)";
				SWIFT_EMIT_LOC_STRINGS = NO;
				SWIFT_VERSION = 5.0;
				TARGETED_DEVICE_FAMILY = "1,2";
				TEST_HOST = "$(BUILT_PRODUCTS_DIR)/KumparanUser.app/KumparanUser";
			};
			name = Release;
		};
		9FC0F6EC2723ED4C00231AC3 /* Debug */ = {
			isa = XCBuildConfiguration;
			buildSettings = {
				ALWAYS_EMBED_SWIFT_STANDARD_LIBRARIES = YES;
				CODE_SIGN_STYLE = Automatic;
				CURRENT_PROJECT_VERSION = 1;
				DEVELOPMENT_TEAM = QNT26F7HW2;
				GENERATE_INFOPLIST_FILE = YES;
				LD_RUNPATH_SEARCH_PATHS = (
					"$(inherited)",
					"@executable_path/Frameworks",
					"@loader_path/Frameworks",
				);
				MARKETING_VERSION = 1.0;
				PRODUCT_BUNDLE_IDENTIFIER = tech.xabdaz.KumparanUserUITests;
				PRODUCT_NAME = "$(TARGET_NAME)";
				SWIFT_EMIT_LOC_STRINGS = NO;
				SWIFT_VERSION = 5.0;
				TARGETED_DEVICE_FAMILY = "1,2";
				TEST_TARGET_NAME = KumparanUser;
			};
			name = Debug;
		};
		9FC0F6ED2723ED4C00231AC3 /* Release */ = {
			isa = XCBuildConfiguration;
			buildSettings = {
				ALWAYS_EMBED_SWIFT_STANDARD_LIBRARIES = YES;
				CODE_SIGN_STYLE = Automatic;
				CURRENT_PROJECT_VERSION = 1;
				DEVELOPMENT_TEAM = QNT26F7HW2;
				GENERATE_INFOPLIST_FILE = YES;
				LD_RUNPATH_SEARCH_PATHS = (
					"$(inherited)",
					"@executable_path/Frameworks",
					"@loader_path/Frameworks",
				);
				MARKETING_VERSION = 1.0;
				PRODUCT_BUNDLE_IDENTIFIER = tech.xabdaz.KumparanUserUITests;
				PRODUCT_NAME = "$(TARGET_NAME)";
				SWIFT_EMIT_LOC_STRINGS = NO;
				SWIFT_VERSION = 5.0;
				TARGETED_DEVICE_FAMILY = "1,2";
				TEST_TARGET_NAME = KumparanUser;
			};
			name = Release;
		};
/* End XCBuildConfiguration section */

/* Begin XCConfigurationList section */
		9FC0F6B32723ED4800231AC3 /* Build configuration list for PBXProject "KumparanUser" */ = {
			isa = XCConfigurationList;
			buildConfigurations = (
				9FC0F6E32723ED4C00231AC3 /* Debug */,
				9FC0F6E42723ED4C00231AC3 /* Release */,
			);
			defaultConfigurationIsVisible = 0;
			defaultConfigurationName = Release;
		};
		9FC0F6E52723ED4C00231AC3 /* Build configuration list for PBXNativeTarget "KumparanUser" */ = {
			isa = XCConfigurationList;
			buildConfigurations = (
				9FC0F6E62723ED4C00231AC3 /* Debug */,
				9FC0F6E72723ED4C00231AC3 /* Release */,
			);
			defaultConfigurationIsVisible = 0;
			defaultConfigurationName = Release;
		};
		9FC0F6E82723ED4C00231AC3 /* Build configuration list for PBXNativeTarget "KumparanUserTests" */ = {
			isa = XCConfigurationList;
			buildConfigurations = (
				9FC0F6E92723ED4C00231AC3 /* Debug */,
				9FC0F6EA2723ED4C00231AC3 /* Release */,
			);
			defaultConfigurationIsVisible = 0;
			defaultConfigurationName = Release;
		};
		9FC0F6EB2723ED4C00231AC3 /* Build configuration list for PBXNativeTarget "KumparanUserUITests" */ = {
			isa = XCConfigurationList;
			buildConfigurations = (
				9FC0F6EC2723ED4C00231AC3 /* Debug */,
				9FC0F6ED2723ED4C00231AC3 /* Release */,
			);
			defaultConfigurationIsVisible = 0;
			defaultConfigurationName = Release;
		};
/* End XCConfigurationList section */

/* Begin XCVersionGroup section */
		9FC0F6C42723ED4800231AC3 /* KumparanUser.xcdatamodeld */ = {
			isa = XCVersionGroup;
			children = (
				9FC0F6C52723ED4800231AC3 /* KumparanUser.xcdatamodel */,
			);
			currentVersion = 9FC0F6C52723ED4800231AC3 /* KumparanUser.xcdatamodel */;
			path = KumparanUser.xcdatamodeld;
			sourceTree = "<group>";
			versionGroupType = wrapper.xcdatamodel;
		};
/* End XCVersionGroup section */
	};
	rootObject = 9FC0F6B02723ED4800231AC3 /* Project object */;
}
